// !$*UTF8*$!
{
	archiveVersion = 1;
	classes = {
	};
	objectVersion = 46;
	objects = {

/* Begin PBXBuildFile section */
		63117F2414FFAD3700A04563 /* FUEntity.h in Headers */ = {isa = PBXBuildFile; fileRef = 63117F2214FFAD3700A04563 /* FUEntity.h */; };
		63117F2514FFAD3700A04563 /* FUEntity.m in Sources */ = {isa = PBXBuildFile; fileRef = 63117F2314FFAD3700A04563 /* FUEntity.m */; };
		63117F2914FFB87A00A04563 /* FUComponent.h in Headers */ = {isa = PBXBuildFile; fileRef = 63117F2714FFB87A00A04563 /* FUComponent.h */; };
		63117F2A14FFB87A00A04563 /* FUComponent.m in Sources */ = {isa = PBXBuildFile; fileRef = 63117F2814FFB87A00A04563 /* FUComponent.m */; };
		63117F2F14FFBBCB00A04563 /* FUComponent-Internal.h in Headers */ = {isa = PBXBuildFile; fileRef = 63117F2E14FFBBCB00A04563 /* FUComponent-Internal.h */; };
		634E08BE1529DB8400D5C3F8 /* FUBehaviorSpec.m in Sources */ = {isa = PBXBuildFile; fileRef = 634E08BD1529DB8400D5C3F8 /* FUBehaviorSpec.m */; };
		634E08C11529DC0A00D5C3F8 /* FUBehavior.h in Headers */ = {isa = PBXBuildFile; fileRef = 634E08BF1529DC0A00D5C3F8 /* FUBehavior.h */; };
		634E08C21529DC0A00D5C3F8 /* FUBehavior.m in Sources */ = {isa = PBXBuildFile; fileRef = 634E08C01529DC0A00D5C3F8 /* FUBehavior.m */; };
		634E08C31529DC0A00D5C3F8 /* FUBehavior.m in Sources */ = {isa = PBXBuildFile; fileRef = 634E08C01529DC0A00D5C3F8 /* FUBehavior.m */; };
		634E08C41529E83A00D5C3F8 /* FUSpriteRendererSpec.m in Sources */ = {isa = PBXBuildFile; fileRef = 634E08BB1529DB1C00D5C3F8 /* FUSpriteRendererSpec.m */; };
		634E08C71529E85800D5C3F8 /* FUSpriteRenderer.h in Headers */ = {isa = PBXBuildFile; fileRef = 634E08C51529E85800D5C3F8 /* FUSpriteRenderer.h */; };
		634E08C81529E85800D5C3F8 /* FUSpriteRenderer.m in Sources */ = {isa = PBXBuildFile; fileRef = 634E08C61529E85800D5C3F8 /* FUSpriteRenderer.m */; };
		634E08C91529E85800D5C3F8 /* FUSpriteRenderer.m in Sources */ = {isa = PBXBuildFile; fileRef = 634E08C61529E85800D5C3F8 /* FUSpriteRenderer.m */; };
		635A06B8152B2BB100934D78 /* FUTestScene.m in Sources */ = {isa = PBXBuildFile; fileRef = 635A06B7152B2BB100934D78 /* FUTestScene.m */; };
		635A06BC152B2DAA00934D78 /* FUTestEntity.m in Sources */ = {isa = PBXBuildFile; fileRef = 635A06BB152B2DAA00934D78 /* FUTestEntity.m */; };
		636A987714F4ED0700FF2D12 /* UIKit.framework in Frameworks */ = {isa = PBXBuildFile; fileRef = 636A987614F4ED0700FF2D12 /* UIKit.framework */; };
		636A987914F4ED0B00FF2D12 /* GLKit.framework in Frameworks */ = {isa = PBXBuildFile; fileRef = 636A987814F4ED0B00FF2D12 /* GLKit.framework */; };
		6378FE8F152213AF000953AF /* FUSceneObjectSpec.m in Sources */ = {isa = PBXBuildFile; fileRef = 6378FE8E152213AF000953AF /* FUSceneObjectSpec.m */; };
		63822774151A29960009D036 /* FUGraphicsSettingsSpec.m in Sources */ = {isa = PBXBuildFile; fileRef = 638227551519DFEE0009D036 /* FUGraphicsSettingsSpec.m */; };
		63822775151A29960009D036 /* FUTransformSpec.m in Sources */ = {isa = PBXBuildFile; fileRef = 63822765151A1A800009D036 /* FUTransformSpec.m */; };
		6382277C151A2A030009D036 /* FUColor.h in Headers */ = {isa = PBXBuildFile; fileRef = 63822778151A2A030009D036 /* FUColor.h */; };
		6382277D151A2A030009D036 /* FUColor.m in Sources */ = {isa = PBXBuildFile; fileRef = 63822779151A2A030009D036 /* FUColor.m */; };
		6382277E151A2A030009D036 /* FUMath.h in Headers */ = {isa = PBXBuildFile; fileRef = 6382277A151A2A030009D036 /* FUMath.h */; };
		6382277F151A2A030009D036 /* FUMath.m in Sources */ = {isa = PBXBuildFile; fileRef = 6382277B151A2A030009D036 /* FUMath.m */; };
		63822780151A2A520009D036 /* FUGraphicsSettings.m in Sources */ = {isa = PBXBuildFile; fileRef = 6382275F1519E38B0009D036 /* FUGraphicsSettings.m */; };
		63822781151A2A520009D036 /* FUTransform.m in Sources */ = {isa = PBXBuildFile; fileRef = 63822768151A1B300009D036 /* FUTransform.m */; };
		63822787151A2BA40009D036 /* FUMath.m in Sources */ = {isa = PBXBuildFile; fileRef = 6382277B151A2A030009D036 /* FUMath.m */; };
		63822788151A2BA40009D036 /* FUColor.m in Sources */ = {isa = PBXBuildFile; fileRef = 63822779151A2A030009D036 /* FUColor.m */; };
		63822789151A2BA40009D036 /* FUEntity.m in Sources */ = {isa = PBXBuildFile; fileRef = 63117F2314FFAD3700A04563 /* FUEntity.m */; };
		6382278A151A2BA40009D036 /* FUComponent.m in Sources */ = {isa = PBXBuildFile; fileRef = 63117F2814FFB87A00A04563 /* FUComponent.m */; };
		6382278C151A2BA40009D036 /* FUScene.m in Sources */ = {isa = PBXBuildFile; fileRef = 63A159A414FD1DB500364D24 /* FUScene.m */; };
		6382278D151A2BA40009D036 /* FUGraphicsSettings.m in Sources */ = {isa = PBXBuildFile; fileRef = 6382275F1519E38B0009D036 /* FUGraphicsSettings.m */; };
		6382278E151A2BA40009D036 /* FUTransform.m in Sources */ = {isa = PBXBuildFile; fileRef = 63822768151A1B300009D036 /* FUTransform.m */; };
		63925259151214EA005B3FEC /* FUComponentSpec.m in Sources */ = {isa = PBXBuildFile; fileRef = 63925256151214EA005B3FEC /* FUComponentSpec.m */; };
		6392525A151214EA005B3FEC /* FUEntitySpec.m in Sources */ = {isa = PBXBuildFile; fileRef = 63925257151214EA005B3FEC /* FUEntitySpec.m */; };
		6392525B151214EA005B3FEC /* FUSceneSpec.m in Sources */ = {isa = PBXBuildFile; fileRef = 63925258151214EA005B3FEC /* FUSceneSpec.m */; };
		6392525E15123D84005B3FEC /* FUTestComponents.m in Sources */ = {isa = PBXBuildFile; fileRef = 6392525D15123D84005B3FEC /* FUTestComponents.m */; };
		6397C530151A33B500457829 /* FUDirector.h in Headers */ = {isa = PBXBuildFile; fileRef = 6397C52E151A33B500457829 /* FUDirector.h */; };
		6397C531151A33B500457829 /* FUDirector.m in Sources */ = {isa = PBXBuildFile; fileRef = 6397C52F151A33B500457829 /* FUDirector.m */; };
		63A159A514FD1DB500364D24 /* FUScene.h in Headers */ = {isa = PBXBuildFile; fileRef = 63A159A314FD1DB500364D24 /* FUScene.h */; };
		63A159A614FD1DB500364D24 /* FUScene.m in Sources */ = {isa = PBXBuildFile; fileRef = 63A159A414FD1DB500364D24 /* FUScene.m */; };
		63A829EE1522147D001429E1 /* FUSceneObject.h in Headers */ = {isa = PBXBuildFile; fileRef = 63A829EC1522147D001429E1 /* FUSceneObject.h */; };
		63A829EF1522147D001429E1 /* FUSceneObject.m in Sources */ = {isa = PBXBuildFile; fileRef = 63A829ED1522147D001429E1 /* FUSceneObject.m */; };
		63A829F115221840001429E1 /* FUSceneObject.m in Sources */ = {isa = PBXBuildFile; fileRef = 63A829ED1522147D001429E1 /* FUSceneObject.m */; };
		63A829F415221EC8001429E1 /* FUTestVisitors.m in Sources */ = {isa = PBXBuildFile; fileRef = 63A829F315221EC8001429E1 /* FUTestVisitors.m */; };
		63B5738C14F4D38000451E2E /* Foundation.framework in Frameworks */ = {isa = PBXBuildFile; fileRef = 63B5738B14F4D38000451E2E /* Foundation.framework */; };
		63B5739A14F4D38000451E2E /* SenTestingKit.framework in Frameworks */ = {isa = PBXBuildFile; fileRef = 63B5739914F4D38000451E2E /* SenTestingKit.framework */; };
		63B5739D14F4D38000451E2E /* Foundation.framework in Frameworks */ = {isa = PBXBuildFile; fileRef = 63B5738B14F4D38000451E2E /* Foundation.framework */; };
		63E6304714F781EB00923CB9 /* OpenGLES.framework in Frameworks */ = {isa = PBXBuildFile; fileRef = 63E6304614F781EB00923CB9 /* OpenGLES.framework */; };
		63E6305214F78D7800923CB9 /* GLKit.framework in Frameworks */ = {isa = PBXBuildFile; fileRef = 636A987814F4ED0B00FF2D12 /* GLKit.framework */; };
		63E6305314F78D8000923CB9 /* OpenGLES.framework in Frameworks */ = {isa = PBXBuildFile; fileRef = 63E6304614F781EB00923CB9 /* OpenGLES.framework */; };
		63E6305414F78F1B00923CB9 /* UIKit.framework in Frameworks */ = {isa = PBXBuildFile; fileRef = 636A987614F4ED0700FF2D12 /* UIKit.framework */; };
		63F339B21506633200BF36A9 /* libPods-test.a in Frameworks */ = {isa = PBXBuildFile; fileRef = 63F339B11506633200BF36A9 /* libPods-test.a */; };
		63F7B86A1525F4C500F3064D /* FUDirectorSpec.m in Sources */ = {isa = PBXBuildFile; fileRef = 63F7B8681525F4C300F3064D /* FUDirectorSpec.m */; };
		63F7B86F1525FA9100F3064D /* CoreGraphics.framework in Frameworks */ = {isa = PBXBuildFile; fileRef = 63F7B86E1525FA9100F3064D /* CoreGraphics.framework */; };
		63F7B8701525FAA200F3064D /* CoreGraphics.framework in Frameworks */ = {isa = PBXBuildFile; fileRef = 63F7B86E1525FA9100F3064D /* CoreGraphics.framework */; };
		63F7B8731526012900F3064D /* FUGraphicsEngineSpec.m in Sources */ = {isa = PBXBuildFile; fileRef = 63F7B8721526012900F3064D /* FUGraphicsEngineSpec.m */; };
		63F7B8781526022600F3064D /* FUColorSpec.m in Sources */ = {isa = PBXBuildFile; fileRef = 63F7B8771526022600F3064D /* FUColorSpec.m */; };
		63F7B879152604EF00F3064D /* FUGraphicsEngine.m in Sources */ = {isa = PBXBuildFile; fileRef = 63F7B8751526019600F3064D /* FUGraphicsEngine.m */; };
		63F7B87A1526056E00F3064D /* FUGraphicsEngine.m in Sources */ = {isa = PBXBuildFile; fileRef = 63F7B8751526019600F3064D /* FUGraphicsEngine.m */; };
		63F7B87C152605ED00F3064D /* FUEngineSpec.m in Sources */ = {isa = PBXBuildFile; fileRef = 63F7B87B152605ED00F3064D /* FUEngineSpec.m */; };
		63F7B87F1526088200F3064D /* FUEngine.h in Headers */ = {isa = PBXBuildFile; fileRef = 63F7B87D1526088200F3064D /* FUEngine.h */; };
		63F7B8801526088200F3064D /* FUEngine.m in Sources */ = {isa = PBXBuildFile; fileRef = 63F7B87E1526088200F3064D /* FUEngine.m */; };
		63F7B8811526088200F3064D /* FUEngine.m in Sources */ = {isa = PBXBuildFile; fileRef = 63F7B87E1526088200F3064D /* FUEngine.m */; };
		63F841CF151B504600F27F98 /* FUDirector.m in Sources */ = {isa = PBXBuildFile; fileRef = 6397C52F151A33B500457829 /* FUDirector.m */; };
/* End PBXBuildFile section */

/* Begin PBXFileReference section */
		63117F2214FFAD3700A04563 /* FUEntity.h */ = {isa = PBXFileReference; fileEncoding = 4; lastKnownFileType = sourcecode.c.h; path = FUEntity.h; sourceTree = "<group>"; };
		63117F2314FFAD3700A04563 /* FUEntity.m */ = {isa = PBXFileReference; fileEncoding = 4; lastKnownFileType = sourcecode.c.objc; path = FUEntity.m; sourceTree = "<group>"; };
		63117F2714FFB87A00A04563 /* FUComponent.h */ = {isa = PBXFileReference; fileEncoding = 4; lastKnownFileType = sourcecode.c.h; path = FUComponent.h; sourceTree = "<group>"; };
		63117F2814FFB87A00A04563 /* FUComponent.m */ = {isa = PBXFileReference; fileEncoding = 4; lastKnownFileType = sourcecode.c.objc; path = FUComponent.m; sourceTree = "<group>"; };
		63117F2E14FFBBCB00A04563 /* FUComponent-Internal.h */ = {isa = PBXFileReference; fileEncoding = 4; lastKnownFileType = sourcecode.c.h; path = "FUComponent-Internal.h"; sourceTree = "<group>"; };
		631241231529F1ED00E30DC6 /* FUInterfaceRotation.h */ = {isa = PBXFileReference; fileEncoding = 4; lastKnownFileType = sourcecode.c.h; path = FUInterfaceRotation.h; sourceTree = "<group>"; };
		633D3C30150DFF9C0061FB36 /* FUEntity-Internal.h */ = {isa = PBXFileReference; lastKnownFileType = sourcecode.c.h; path = "FUEntity-Internal.h"; sourceTree = "<group>"; };
		634E08B91529D66F00D5C3F8 /* FUScene-Internal.h */ = {isa = PBXFileReference; lastKnownFileType = sourcecode.c.h; path = "FUScene-Internal.h"; sourceTree = "<group>"; };
		634E08BB1529DB1C00D5C3F8 /* FUSpriteRendererSpec.m */ = {isa = PBXFileReference; fileEncoding = 4; lastKnownFileType = sourcecode.c.objc; path = FUSpriteRendererSpec.m; sourceTree = "<group>"; };
		634E08BD1529DB8400D5C3F8 /* FUBehaviorSpec.m */ = {isa = PBXFileReference; fileEncoding = 4; lastKnownFileType = sourcecode.c.objc; path = FUBehaviorSpec.m; sourceTree = "<group>"; };
		634E08BF1529DC0A00D5C3F8 /* FUBehavior.h */ = {isa = PBXFileReference; fileEncoding = 4; lastKnownFileType = sourcecode.c.h; path = FUBehavior.h; sourceTree = "<group>"; };
		634E08C01529DC0A00D5C3F8 /* FUBehavior.m */ = {isa = PBXFileReference; fileEncoding = 4; lastKnownFileType = sourcecode.c.objc; path = FUBehavior.m; sourceTree = "<group>"; };
		634E08C51529E85800D5C3F8 /* FUSpriteRenderer.h */ = {isa = PBXFileReference; fileEncoding = 4; lastKnownFileType = sourcecode.c.h; path = FUSpriteRenderer.h; sourceTree = "<group>"; };
		634E08C61529E85800D5C3F8 /* FUSpriteRenderer.m */ = {isa = PBXFileReference; fileEncoding = 4; lastKnownFileType = sourcecode.c.objc; path = FUSpriteRenderer.m; sourceTree = "<group>"; };
		635A06B6152B2BB100934D78 /* FUTestScene.h */ = {isa = PBXFileReference; fileEncoding = 4; lastKnownFileType = sourcecode.c.h; path = FUTestScene.h; sourceTree = "<group>"; };
		635A06B7152B2BB100934D78 /* FUTestScene.m */ = {isa = PBXFileReference; fileEncoding = 4; lastKnownFileType = sourcecode.c.objc; path = FUTestScene.m; sourceTree = "<group>"; };
		635A06BA152B2DAA00934D78 /* FUTestEntity.h */ = {isa = PBXFileReference; fileEncoding = 4; lastKnownFileType = sourcecode.c.h; path = FUTestEntity.h; sourceTree = "<group>"; };
		635A06BB152B2DAA00934D78 /* FUTestEntity.m */ = {isa = PBXFileReference; fileEncoding = 4; lastKnownFileType = sourcecode.c.objc; path = FUTestEntity.m; sourceTree = "<group>"; };
		636A987614F4ED0700FF2D12 /* UIKit.framework */ = {isa = PBXFileReference; lastKnownFileType = wrapper.framework; name = UIKit.framework; path = System/Library/Frameworks/UIKit.framework; sourceTree = SDKROOT; };
		636A987814F4ED0B00FF2D12 /* GLKit.framework */ = {isa = PBXFileReference; lastKnownFileType = wrapper.framework; name = GLKit.framework; path = System/Library/Frameworks/GLKit.framework; sourceTree = SDKROOT; };
		6378FE8E152213AF000953AF /* FUSceneObjectSpec.m */ = {isa = PBXFileReference; fileEncoding = 4; lastKnownFileType = sourcecode.c.objc; path = FUSceneObjectSpec.m; sourceTree = "<group>"; };
		638227551519DFEE0009D036 /* FUGraphicsSettingsSpec.m */ = {isa = PBXFileReference; fileEncoding = 4; lastKnownFileType = sourcecode.c.objc; path = FUGraphicsSettingsSpec.m; sourceTree = "<group>"; };
		6382275E1519E38B0009D036 /* FUGraphicsSettings.h */ = {isa = PBXFileReference; fileEncoding = 4; lastKnownFileType = sourcecode.c.h; path = FUGraphicsSettings.h; sourceTree = "<group>"; };
		6382275F1519E38B0009D036 /* FUGraphicsSettings.m */ = {isa = PBXFileReference; fileEncoding = 4; lastKnownFileType = sourcecode.c.objc; path = FUGraphicsSettings.m; sourceTree = "<group>"; };
		63822765151A1A800009D036 /* FUTransformSpec.m */ = {isa = PBXFileReference; fileEncoding = 4; lastKnownFileType = sourcecode.c.objc; path = FUTransformSpec.m; sourceTree = "<group>"; };
		63822767151A1B300009D036 /* FUTransform.h */ = {isa = PBXFileReference; fileEncoding = 4; lastKnownFileType = sourcecode.c.h; path = FUTransform.h; sourceTree = "<group>"; };
		63822768151A1B300009D036 /* FUTransform.m */ = {isa = PBXFileReference; fileEncoding = 4; lastKnownFileType = sourcecode.c.objc; path = FUTransform.m; sourceTree = "<group>"; };
		63822771151A1C6B0009D036 /* FUTestFunctions.h */ = {isa = PBXFileReference; fileEncoding = 4; lastKnownFileType = sourcecode.c.h; path = FUTestFunctions.h; sourceTree = "<group>"; };
		63822772151A293E0009D036 /* Fuji.h */ = {isa = PBXFileReference; lastKnownFileType = sourcecode.c.h; path = Fuji.h; sourceTree = "<group>"; };
		63822777151A29BB0009D036 /* Prefix.pch */ = {isa = PBXFileReference; fileEncoding = 4; lastKnownFileType = sourcecode.c.h; path = Prefix.pch; sourceTree = "<group>"; };
		63822778151A2A030009D036 /* FUColor.h */ = {isa = PBXFileReference; fileEncoding = 4; lastKnownFileType = sourcecode.c.h; path = FUColor.h; sourceTree = "<group>"; };
		63822779151A2A030009D036 /* FUColor.m */ = {isa = PBXFileReference; fileEncoding = 4; lastKnownFileType = sourcecode.c.objc; path = FUColor.m; sourceTree = "<group>"; };
		6382277A151A2A030009D036 /* FUMath.h */ = {isa = PBXFileReference; fileEncoding = 4; lastKnownFileType = sourcecode.c.h; path = FUMath.h; sourceTree = "<group>"; };
		6382277B151A2A030009D036 /* FUMath.m */ = {isa = PBXFileReference; fileEncoding = 4; lastKnownFileType = sourcecode.c.objc; path = FUMath.m; sourceTree = "<group>"; };
		639252531512138E005B3FEC /* Prefix.pch */ = {isa = PBXFileReference; lastKnownFileType = sourcecode.c.h; path = Prefix.pch; sourceTree = "<group>"; };
		63925256151214EA005B3FEC /* FUComponentSpec.m */ = {isa = PBXFileReference; fileEncoding = 4; lastKnownFileType = sourcecode.c.objc; path = FUComponentSpec.m; sourceTree = "<group>"; };
		63925257151214EA005B3FEC /* FUEntitySpec.m */ = {isa = PBXFileReference; fileEncoding = 4; lastKnownFileType = sourcecode.c.objc; path = FUEntitySpec.m; sourceTree = "<group>"; };
		63925258151214EA005B3FEC /* FUSceneSpec.m */ = {isa = PBXFileReference; fileEncoding = 4; lastKnownFileType = sourcecode.c.objc; path = FUSceneSpec.m; sourceTree = "<group>"; };
		6392525C15123D84005B3FEC /* FUTestComponents.h */ = {isa = PBXFileReference; fileEncoding = 4; lastKnownFileType = sourcecode.c.h; path = FUTestComponents.h; sourceTree = "<group>"; };
		6392525D15123D84005B3FEC /* FUTestComponents.m */ = {isa = PBXFileReference; fileEncoding = 4; lastKnownFileType = sourcecode.c.objc; path = FUTestComponents.m; sourceTree = "<group>"; };
		6397C52E151A33B500457829 /* FUDirector.h */ = {isa = PBXFileReference; fileEncoding = 4; lastKnownFileType = sourcecode.c.h; path = FUDirector.h; sourceTree = "<group>"; };
		6397C52F151A33B500457829 /* FUDirector.m */ = {isa = PBXFileReference; fileEncoding = 4; lastKnownFileType = sourcecode.c.objc; path = FUDirector.m; sourceTree = "<group>"; };
		63A159A314FD1DB500364D24 /* FUScene.h */ = {isa = PBXFileReference; fileEncoding = 4; lastKnownFileType = sourcecode.c.h; path = FUScene.h; sourceTree = "<group>"; };
		63A159A414FD1DB500364D24 /* FUScene.m */ = {isa = PBXFileReference; fileEncoding = 4; lastKnownFileType = sourcecode.c.objc; path = FUScene.m; sourceTree = "<group>"; };
		63A829EC1522147D001429E1 /* FUSceneObject.h */ = {isa = PBXFileReference; fileEncoding = 4; lastKnownFileType = sourcecode.c.h; path = FUSceneObject.h; sourceTree = "<group>"; };
		63A829ED1522147D001429E1 /* FUSceneObject.m */ = {isa = PBXFileReference; fileEncoding = 4; lastKnownFileType = sourcecode.c.objc; path = FUSceneObject.m; sourceTree = "<group>"; };
		63A829F215221EC8001429E1 /* FUTestVisitors.h */ = {isa = PBXFileReference; fileEncoding = 4; lastKnownFileType = sourcecode.c.h; path = FUTestVisitors.h; sourceTree = "<group>"; };
		63A829F315221EC8001429E1 /* FUTestVisitors.m */ = {isa = PBXFileReference; fileEncoding = 4; lastKnownFileType = sourcecode.c.objc; path = FUTestVisitors.m; sourceTree = "<group>"; };
		63B5738814F4D38000451E2E /* libFuji.a */ = {isa = PBXFileReference; explicitFileType = archive.ar; includeInIndex = 0; path = libFuji.a; sourceTree = BUILT_PRODUCTS_DIR; };
		63B5738B14F4D38000451E2E /* Foundation.framework */ = {isa = PBXFileReference; lastKnownFileType = wrapper.framework; name = Foundation.framework; path = System/Library/Frameworks/Foundation.framework; sourceTree = SDKROOT; };
		63B5739814F4D38000451E2E /* FujiTests.octest */ = {isa = PBXFileReference; explicitFileType = wrapper.cfbundle; includeInIndex = 0; path = FujiTests.octest; sourceTree = BUILT_PRODUCTS_DIR; };
		63B5739914F4D38000451E2E /* SenTestingKit.framework */ = {isa = PBXFileReference; lastKnownFileType = wrapper.framework; name = SenTestingKit.framework; path = Library/Frameworks/SenTestingKit.framework; sourceTree = DEVELOPER_DIR; };
		63E6303D14F77B5F00923CB9 /* FUMacros.h */ = {isa = PBXFileReference; lastKnownFileType = sourcecode.c.h; path = FUMacros.h; sourceTree = "<group>"; };
		63E6304614F781EB00923CB9 /* OpenGLES.framework */ = {isa = PBXFileReference; lastKnownFileType = wrapper.framework; name = OpenGLES.framework; path = System/Library/Frameworks/OpenGLES.framework; sourceTree = SDKROOT; };
		63F339B11506633200BF36A9 /* libPods-test.a */ = {isa = PBXFileReference; lastKnownFileType = archive.ar; path = "libPods-test.a"; sourceTree = BUILT_PRODUCTS_DIR; };
		63F339B41506665700BF36A9 /* Pods-test.xcconfig */ = {isa = PBXFileReference; lastKnownFileType = text.xcconfig; name = "Pods-test.xcconfig"; path = "Pods/Pods-test.xcconfig"; sourceTree = SOURCE_ROOT; };
		63F7B8681525F4C300F3064D /* FUDirectorSpec.m */ = {isa = PBXFileReference; fileEncoding = 4; lastKnownFileType = sourcecode.c.objc; path = FUDirectorSpec.m; sourceTree = "<group>"; };
		63F7B86E1525FA9100F3064D /* CoreGraphics.framework */ = {isa = PBXFileReference; lastKnownFileType = wrapper.framework; name = CoreGraphics.framework; path = System/Library/Frameworks/CoreGraphics.framework; sourceTree = SDKROOT; };
		63F7B8711525FBAB00F3064D /* FUSceneObject-Internal.h */ = {isa = PBXFileReference; lastKnownFileType = sourcecode.c.h; path = "FUSceneObject-Internal.h"; sourceTree = "<group>"; };
		63F7B8721526012900F3064D /* FUGraphicsEngineSpec.m */ = {isa = PBXFileReference; fileEncoding = 4; lastKnownFileType = sourcecode.c.objc; path = FUGraphicsEngineSpec.m; sourceTree = "<group>"; };
		63F7B8741526019600F3064D /* FUGraphicsEngine.h */ = {isa = PBXFileReference; fileEncoding = 4; lastKnownFileType = sourcecode.c.h; path = FUGraphicsEngine.h; sourceTree = "<group>"; };
		63F7B8751526019600F3064D /* FUGraphicsEngine.m */ = {isa = PBXFileReference; fileEncoding = 4; lastKnownFileType = sourcecode.c.objc; path = FUGraphicsEngine.m; sourceTree = "<group>"; };
		63F7B8771526022600F3064D /* FUColorSpec.m */ = {isa = PBXFileReference; fileEncoding = 4; lastKnownFileType = sourcecode.c.objc; name = FUColorSpec.m; path = Tests/Support/FUColorSpec.m; sourceTree = SOURCE_ROOT; };
		63F7B87B152605ED00F3064D /* FUEngineSpec.m */ = {isa = PBXFileReference; fileEncoding = 4; lastKnownFileType = sourcecode.c.objc; path = FUEngineSpec.m; sourceTree = "<group>"; };
		63F7B87D1526088200F3064D /* FUEngine.h */ = {isa = PBXFileReference; fileEncoding = 4; lastKnownFileType = sourcecode.c.h; path = FUEngine.h; sourceTree = "<group>"; };
		63F7B87E1526088200F3064D /* FUEngine.m */ = {isa = PBXFileReference; fileEncoding = 4; lastKnownFileType = sourcecode.c.objc; path = FUEngine.m; sourceTree = "<group>"; };
		63F7B882152608C200F3064D /* FUEngine-Internal.h */ = {isa = PBXFileReference; lastKnownFileType = sourcecode.c.h; path = "FUEngine-Internal.h"; sourceTree = "<group>"; };
/* End PBXFileReference section */

/* Begin PBXFrameworksBuildPhase section */
		63B5738514F4D38000451E2E /* Frameworks */ = {
			isa = PBXFrameworksBuildPhase;
			buildActionMask = 2147483647;
			files = (
				63F7B8701525FAA200F3064D /* CoreGraphics.framework in Frameworks */,
				63E6304714F781EB00923CB9 /* OpenGLES.framework in Frameworks */,
				636A987914F4ED0B00FF2D12 /* GLKit.framework in Frameworks */,
				636A987714F4ED0700FF2D12 /* UIKit.framework in Frameworks */,
				63B5738C14F4D38000451E2E /* Foundation.framework in Frameworks */,
			);
			runOnlyForDeploymentPostprocessing = 0;
		};
		63B5739414F4D38000451E2E /* Frameworks */ = {
			isa = PBXFrameworksBuildPhase;
			buildActionMask = 2147483647;
			files = (
				63F7B86F1525FA9100F3064D /* CoreGraphics.framework in Frameworks */,
				63F339B21506633200BF36A9 /* libPods-test.a in Frameworks */,
				63E6305414F78F1B00923CB9 /* UIKit.framework in Frameworks */,
				63E6305214F78D7800923CB9 /* GLKit.framework in Frameworks */,
				63E6305314F78D8000923CB9 /* OpenGLES.framework in Frameworks */,
				63B5739A14F4D38000451E2E /* SenTestingKit.framework in Frameworks */,
				63B5739D14F4D38000451E2E /* Foundation.framework in Frameworks */,
			);
			runOnlyForDeploymentPostprocessing = 0;
		};
/* End PBXFrameworksBuildPhase section */

/* Begin PBXGroup section */
		633EE87414FED8C400281AC1 /* Internal */ = {
			isa = PBXGroup;
			children = (
				63F7B882152608C200F3064D /* FUEngine-Internal.h */,
				63F7B8711525FBAB00F3064D /* FUSceneObject-Internal.h */,
				633D3C30150DFF9C0061FB36 /* FUEntity-Internal.h */,
				63117F2E14FFBBCB00A04563 /* FUComponent-Internal.h */,
				634E08B91529D66F00D5C3F8 /* FUScene-Internal.h */,
			);
			name = Internal;
			sourceTree = "<group>";
		};
		6382271E1519D8470009D036 /* Graphics */ = {
			isa = PBXGroup;
			children = (
				63F7B8741526019600F3064D /* FUGraphicsEngine.h */,
				63F7B8751526019600F3064D /* FUGraphicsEngine.m */,
				6382275E1519E38B0009D036 /* FUGraphicsSettings.h */,
				6382275F1519E38B0009D036 /* FUGraphicsSettings.m */,
				63822767151A1B300009D036 /* FUTransform.h */,
				63822768151A1B300009D036 /* FUTransform.m */,
				634E08C51529E85800D5C3F8 /* FUSpriteRenderer.h */,
				634E08C61529E85800D5C3F8 /* FUSpriteRenderer.m */,
			);
			path = Graphics;
			sourceTree = "<group>";
		};
		638227331519D8E10009D036 /* Graphics */ = {
			isa = PBXGroup;
			children = (
				63F7B8721526012900F3064D /* FUGraphicsEngineSpec.m */,
				638227551519DFEE0009D036 /* FUGraphicsSettingsSpec.m */,
				63822765151A1A800009D036 /* FUTransformSpec.m */,
				634E08BB1529DB1C00D5C3F8 /* FUSpriteRendererSpec.m */,
			);
			path = Graphics;
			sourceTree = "<group>";
		};
		63822770151A1C4B0009D036 /* Support */ = {
			isa = PBXGroup;
			children = (
				63822777151A29BB0009D036 /* Prefix.pch */,
				63822771151A1C6B0009D036 /* FUTestFunctions.h */,
				63F7B8771526022600F3064D /* FUColorSpec.m */,
			);
			name = Support;
			path = Graphics;
			sourceTree = "<group>";
		};
		6392523C15120C27005B3FEC /* Core */ = {
			isa = PBXGroup;
			children = (
				633EE87414FED8C400281AC1 /* Internal */,
				6397C52E151A33B500457829 /* FUDirector.h */,
				6397C52F151A33B500457829 /* FUDirector.m */,
				631241231529F1ED00E30DC6 /* FUInterfaceRotation.h */,
				63F7B87D1526088200F3064D /* FUEngine.h */,
				63F7B87E1526088200F3064D /* FUEngine.m */,
				63A829EC1522147D001429E1 /* FUSceneObject.h */,
				63A829ED1522147D001429E1 /* FUSceneObject.m */,
				63117F2214FFAD3700A04563 /* FUEntity.h */,
				63117F2314FFAD3700A04563 /* FUEntity.m */,
				63A159A314FD1DB500364D24 /* FUScene.h */,
				63A159A414FD1DB500364D24 /* FUScene.m */,
				63117F2714FFB87A00A04563 /* FUComponent.h */,
				63117F2814FFB87A00A04563 /* FUComponent.m */,
				634E08BF1529DC0A00D5C3F8 /* FUBehavior.h */,
				634E08C01529DC0A00D5C3F8 /* FUBehavior.m */,
			);
			path = Core;
			sourceTree = "<group>";
		};
		6392523D15120CE7005B3FEC /* Support */ = {
			isa = PBXGroup;
			children = (
				639252531512138E005B3FEC /* Prefix.pch */,
				63E6303D14F77B5F00923CB9 /* FUMacros.h */,
				6382277A151A2A030009D036 /* FUMath.h */,
				6382277B151A2A030009D036 /* FUMath.m */,
				63822778151A2A030009D036 /* FUColor.h */,
				63822779151A2A030009D036 /* FUColor.m */,
			);
			path = Support;
			sourceTree = "<group>";
		};
		63925255151214AC005B3FEC /* Core */ = {
			isa = PBXGroup;
			children = (
				63F7B8681525F4C300F3064D /* FUDirectorSpec.m */,
				63F7B87B152605ED00F3064D /* FUEngineSpec.m */,
				6378FE8E152213AF000953AF /* FUSceneObjectSpec.m */,
				63925257151214EA005B3FEC /* FUEntitySpec.m */,
				63925258151214EA005B3FEC /* FUSceneSpec.m */,
				63925256151214EA005B3FEC /* FUComponentSpec.m */,
				634E08BD1529DB8400D5C3F8 /* FUBehaviorSpec.m */,
				63A829F215221EC8001429E1 /* FUTestVisitors.h */,
				63A829F315221EC8001429E1 /* FUTestVisitors.m */,
				635A06BA152B2DAA00934D78 /* FUTestEntity.h */,
				635A06BB152B2DAA00934D78 /* FUTestEntity.m */,
				635A06B6152B2BB100934D78 /* FUTestScene.h */,
				635A06B7152B2BB100934D78 /* FUTestScene.m */,
				6392525C15123D84005B3FEC /* FUTestComponents.h */,
				6392525D15123D84005B3FEC /* FUTestComponents.m */,
			);
			path = Core;
			sourceTree = "<group>";
		};
		63B5737D14F4D38000451E2E = {
			isa = PBXGroup;
			children = (
				63B5738D14F4D38000451E2E /* Sources */,
				63B573A114F4D38000451E2E /* Tests */,
				63B5738A14F4D38000451E2E /* Frameworks */,
				63B5738914F4D38000451E2E /* Products */,
				63F339B41506665700BF36A9 /* Pods-test.xcconfig */,
			);
			sourceTree = "<group>";
		};
		63B5738914F4D38000451E2E /* Products */ = {
			isa = PBXGroup;
			children = (
				63B5738814F4D38000451E2E /* libFuji.a */,
				63B5739814F4D38000451E2E /* FujiTests.octest */,
			);
			name = Products;
			sourceTree = "<group>";
		};
		63B5738A14F4D38000451E2E /* Frameworks */ = {
			isa = PBXGroup;
			children = (
				63F7B86E1525FA9100F3064D /* CoreGraphics.framework */,
				63E6304614F781EB00923CB9 /* OpenGLES.framework */,
				636A987814F4ED0B00FF2D12 /* GLKit.framework */,
				636A987614F4ED0700FF2D12 /* UIKit.framework */,
				63B5738B14F4D38000451E2E /* Foundation.framework */,
				63B5739914F4D38000451E2E /* SenTestingKit.framework */,
				63F339B11506633200BF36A9 /* libPods-test.a */,
			);
			name = Frameworks;
			sourceTree = "<group>";
		};
		63B5738D14F4D38000451E2E /* Sources */ = {
			isa = PBXGroup;
			children = (
				6392523D15120CE7005B3FEC /* Support */,
				6392523C15120C27005B3FEC /* Core */,
				6382271E1519D8470009D036 /* Graphics */,
				63822772151A293E0009D036 /* Fuji.h */,
			);
			path = Sources;
			sourceTree = "<group>";
		};
		63B573A114F4D38000451E2E /* Tests */ = {
			isa = PBXGroup;
			children = (
				63822770151A1C4B0009D036 /* Support */,
				63925255151214AC005B3FEC /* Core */,
				638227331519D8E10009D036 /* Graphics */,
			);
			path = Tests;
			sourceTree = "<group>";
		};
/* End PBXGroup section */

/* Begin PBXHeadersBuildPhase section */
		63B5738614F4D38000451E2E /* Headers */ = {
			isa = PBXHeadersBuildPhase;
			buildActionMask = 2147483647;
			files = (
				63A159A514FD1DB500364D24 /* FUScene.h in Headers */,
				63117F2414FFAD3700A04563 /* FUEntity.h in Headers */,
				63117F2914FFB87A00A04563 /* FUComponent.h in Headers */,
				63117F2F14FFBBCB00A04563 /* FUComponent-Internal.h in Headers */,
				6382277C151A2A030009D036 /* FUColor.h in Headers */,
				6382277E151A2A030009D036 /* FUMath.h in Headers */,
				6397C530151A33B500457829 /* FUDirector.h in Headers */,
				63A829EE1522147D001429E1 /* FUSceneObject.h in Headers */,
				63F7B87F1526088200F3064D /* FUEngine.h in Headers */,
				634E08C11529DC0A00D5C3F8 /* FUBehavior.h in Headers */,
				634E08C71529E85800D5C3F8 /* FUSpriteRenderer.h in Headers */,
			);
			runOnlyForDeploymentPostprocessing = 0;
		};
/* End PBXHeadersBuildPhase section */

/* Begin PBXNativeTarget section */
		63B5738714F4D38000451E2E /* Fuji */ = {
			isa = PBXNativeTarget;
			buildConfigurationList = 63B573AC14F4D38000451E2E /* Build configuration list for PBXNativeTarget "Fuji" */;
			buildPhases = (
				63B5738414F4D38000451E2E /* Sources */,
				63B5738514F4D38000451E2E /* Frameworks */,
				63B5738614F4D38000451E2E /* Headers */,
			);
			buildRules = (
			);
			dependencies = (
			);
			name = Fuji;
			productName = Mocha2D;
			productReference = 63B5738814F4D38000451E2E /* libFuji.a */;
			productType = "com.apple.product-type.library.static";
		};
		63B5739714F4D38000451E2E /* FujiTests */ = {
			isa = PBXNativeTarget;
			buildConfigurationList = 63B573AF14F4D38000451E2E /* Build configuration list for PBXNativeTarget "FujiTests" */;
			buildPhases = (
				63B5739314F4D38000451E2E /* Sources */,
				63B5739414F4D38000451E2E /* Frameworks */,
				63B5739514F4D38000451E2E /* Resources */,
				63B5739614F4D38000451E2E /* Run Script */,
				38D25DC4CBA3464E9888DCCB /* Copy Pods Resources */,
			);
			buildRules = (
			);
			dependencies = (
			);
			name = FujiTests;
			productName = Mocha2DTests;
			productReference = 63B5739814F4D38000451E2E /* FujiTests.octest */;
			productType = "com.apple.product-type.bundle";
		};
/* End PBXNativeTarget section */

/* Begin PBXProject section */
		63B5737F14F4D38000451E2E /* Project object */ = {
			isa = PBXProject;
			attributes = {
				LastUpgradeCheck = 0430;
				ORGANIZATIONNAME = "hart[dev]";
			};
			buildConfigurationList = 63B5738214F4D38000451E2E /* Build configuration list for PBXProject "Fuji" */;
			compatibilityVersion = "Xcode 3.2";
			developmentRegion = English;
			hasScannedForEncodings = 0;
			knownRegions = (
				en,
			);
			mainGroup = 63B5737D14F4D38000451E2E;
			productRefGroup = 63B5738914F4D38000451E2E /* Products */;
			projectDirPath = "";
			projectRoot = "";
			targets = (
				63B5738714F4D38000451E2E /* Fuji */,
				63B5739714F4D38000451E2E /* FujiTests */,
			);
		};
/* End PBXProject section */

/* Begin PBXResourcesBuildPhase section */
		63B5739514F4D38000451E2E /* Resources */ = {
			isa = PBXResourcesBuildPhase;
			buildActionMask = 2147483647;
			files = (
			);
			runOnlyForDeploymentPostprocessing = 0;
		};
/* End PBXResourcesBuildPhase section */

/* Begin PBXShellScriptBuildPhase section */
		38D25DC4CBA3464E9888DCCB /* Copy Pods Resources */ = {
			isa = PBXShellScriptBuildPhase;
			buildActionMask = 2147483647;
			files = (
			);
			inputPaths = (
			);
			name = "Copy Pods Resources";
			outputPaths = (
			);
			runOnlyForDeploymentPostprocessing = 0;
			shellPath = /bin/sh;
			shellScript = "\"${SRCROOT}/Pods/Pods-test-resources.sh\"\n";
		};
		63B5739614F4D38000451E2E /* Run Script */ = {
			isa = PBXShellScriptBuildPhase;
			buildActionMask = 2147483647;
			files = (
			);
			inputPaths = (
			);
			name = "Run Script";
			outputPaths = (
			);
			runOnlyForDeploymentPostprocessing = 0;
			shellPath = /bin/sh;
			shellScript = "# Run the unit tests in this test bundle.\n\"${SYSTEM_DEVELOPER_DIR}/Tools/RunUnitTests\"\n";
		};
/* End PBXShellScriptBuildPhase section */

/* Begin PBXSourcesBuildPhase section */
		63B5738414F4D38000451E2E /* Sources */ = {
			isa = PBXSourcesBuildPhase;
			buildActionMask = 2147483647;
			files = (
				63A159A614FD1DB500364D24 /* FUScene.m in Sources */,
				63117F2514FFAD3700A04563 /* FUEntity.m in Sources */,
				63117F2A14FFB87A00A04563 /* FUComponent.m in Sources */,
				6382277D151A2A030009D036 /* FUColor.m in Sources */,
				6382277F151A2A030009D036 /* FUMath.m in Sources */,
				63822780151A2A520009D036 /* FUGraphicsSettings.m in Sources */,
				63822781151A2A520009D036 /* FUTransform.m in Sources */,
				6397C531151A33B500457829 /* FUDirector.m in Sources */,
				63A829EF1522147D001429E1 /* FUSceneObject.m in Sources */,
				63F7B879152604EF00F3064D /* FUGraphicsEngine.m in Sources */,
				63F7B8801526088200F3064D /* FUEngine.m in Sources */,
				634E08C21529DC0A00D5C3F8 /* FUBehavior.m in Sources */,
				634E08C81529E85800D5C3F8 /* FUSpriteRenderer.m in Sources */,
			);
			runOnlyForDeploymentPostprocessing = 0;
		};
		63B5739314F4D38000451E2E /* Sources */ = {
			isa = PBXSourcesBuildPhase;
			buildActionMask = 2147483647;
			files = (
				6378FE8F152213AF000953AF /* FUSceneObjectSpec.m in Sources */,
				63925259151214EA005B3FEC /* FUComponentSpec.m in Sources */,
				6392525A151214EA005B3FEC /* FUEntitySpec.m in Sources */,
				6392525B151214EA005B3FEC /* FUSceneSpec.m in Sources */,
				6392525E15123D84005B3FEC /* FUTestComponents.m in Sources */,
				63822774151A29960009D036 /* FUGraphicsSettingsSpec.m in Sources */,
				63822775151A29960009D036 /* FUTransformSpec.m in Sources */,
				63822787151A2BA40009D036 /* FUMath.m in Sources */,
				63822788151A2BA40009D036 /* FUColor.m in Sources */,
				63822789151A2BA40009D036 /* FUEntity.m in Sources */,
				6382278A151A2BA40009D036 /* FUComponent.m in Sources */,
				6382278C151A2BA40009D036 /* FUScene.m in Sources */,
				6382278D151A2BA40009D036 /* FUGraphicsSettings.m in Sources */,
				6382278E151A2BA40009D036 /* FUTransform.m in Sources */,
				63F841CF151B504600F27F98 /* FUDirector.m in Sources */,
				63A829F115221840001429E1 /* FUSceneObject.m in Sources */,
				63A829F415221EC8001429E1 /* FUTestVisitors.m in Sources */,
				63F7B86A1525F4C500F3064D /* FUDirectorSpec.m in Sources */,
				63F7B8731526012900F3064D /* FUGraphicsEngineSpec.m in Sources */,
				63F7B8781526022600F3064D /* FUColorSpec.m in Sources */,
				63F7B87A1526056E00F3064D /* FUGraphicsEngine.m in Sources */,
				63F7B87C152605ED00F3064D /* FUEngineSpec.m in Sources */,
				63F7B8811526088200F3064D /* FUEngine.m in Sources */,
				634E08BE1529DB8400D5C3F8 /* FUBehaviorSpec.m in Sources */,
				634E08C31529DC0A00D5C3F8 /* FUBehavior.m in Sources */,
				634E08C41529E83A00D5C3F8 /* FUSpriteRendererSpec.m in Sources */,
				634E08C91529E85800D5C3F8 /* FUSpriteRenderer.m in Sources */,
				635A06B8152B2BB100934D78 /* FUTestScene.m in Sources */,
				635A06BC152B2DAA00934D78 /* FUTestEntity.m in Sources */,
			);
			runOnlyForDeploymentPostprocessing = 0;
		};
/* End PBXSourcesBuildPhase section */

/* Begin XCBuildConfiguration section */
		63B573AA14F4D38000451E2E /* Debug */ = {
			isa = XCBuildConfiguration;
			buildSettings = {
				ARCHS = "$(ARCHS_STANDARD_32_BIT)";
				CLANG_ENABLE_OBJC_ARC = YES;
				COPY_PHASE_STRIP = NO;
				GCC_C_LANGUAGE_STANDARD = gnu99;
				GCC_DYNAMIC_NO_PIC = NO;
				GCC_OPTIMIZATION_LEVEL = 0;
				GCC_PREPROCESSOR_DEFINITIONS = (
					"DEBUG=1",
					"$(inherited)",
				);
				GCC_SYMBOLS_PRIVATE_EXTERN = NO;
				GCC_VERSION = com.apple.compilers.llvm.clang.1_0;
				GCC_WARN_ABOUT_RETURN_TYPE = YES;
				GCC_WARN_UNINITIALIZED_AUTOS = YES;
				GCC_WARN_UNUSED_VARIABLE = YES;
				IPHONEOS_DEPLOYMENT_TARGET = 5.0;
				SDKROOT = iphoneos;
			};
			name = Debug;
		};
		63B573AB14F4D38000451E2E /* Release */ = {
			isa = XCBuildConfiguration;
			buildSettings = {
				ARCHS = "$(ARCHS_STANDARD_32_BIT)";
				CLANG_ENABLE_OBJC_ARC = YES;
				COPY_PHASE_STRIP = YES;
				GCC_C_LANGUAGE_STANDARD = gnu99;
				GCC_VERSION = com.apple.compilers.llvm.clang.1_0;
				GCC_WARN_ABOUT_RETURN_TYPE = YES;
				GCC_WARN_UNINITIALIZED_AUTOS = YES;
				GCC_WARN_UNUSED_VARIABLE = YES;
				IPHONEOS_DEPLOYMENT_TARGET = 5.0;
				SDKROOT = iphoneos;
				VALIDATE_PRODUCT = YES;
			};
			name = Release;
		};
		63B573AD14F4D38000451E2E /* Debug */ = {
			isa = XCBuildConfiguration;
			buildSettings = {
				DSTROOT = /tmp/Fuji.dst;
				GCC_PRECOMPILE_PREFIX_HEADER = YES;
				GCC_PREFIX_HEADER = Sources/Support/Prefix.pch;
				GCC_VERSION = com.apple.compilers.llvm.clang.1_0;
				PRODUCT_NAME = "$(TARGET_NAME)";
				SKIP_INSTALL = YES;
			};
			name = Debug;
		};
		63B573AE14F4D38000451E2E /* Release */ = {
			isa = XCBuildConfiguration;
			buildSettings = {
				DSTROOT = /tmp/Fuji.dst;
				GCC_PRECOMPILE_PREFIX_HEADER = NO;
				GCC_PREFIX_HEADER = Sources/Support/Prefix.pch;
				GCC_VERSION = com.apple.compilers.llvm.clang.1_0;
				PRODUCT_NAME = "$(TARGET_NAME)";
				SKIP_INSTALL = YES;
			};
			name = Release;
		};
		63B573B014F4D38000451E2E /* Debug */ = {
			isa = XCBuildConfiguration;
			baseConfigurationReference = 63F339B41506665700BF36A9 /* Pods-test.xcconfig */;
			buildSettings = {
				DSTROOT = /tmp/xcodeproj.dst;
				FRAMEWORK_SEARCH_PATHS = (
					"$(SDKROOT)/Developer/Library/Frameworks",
					"$(DEVELOPER_LIBRARY_DIR)/Frameworks",
				);
				GCC_PRECOMPILE_PREFIX_HEADER = YES;
				GCC_PREFIX_HEADER = Tests/Support/Prefix.pch;
				GCC_PREPROCESSOR_DEFINITIONS = (
					TEST,
					"$(inherited)",
				);
				GCC_VERSION = com.apple.compilers.llvm.clang.1_0;
				GCC_WARN_UNUSED_VALUE = NO;
				INFOPLIST_FILE = Tests/Info.plist;
				PRODUCT_NAME = "$(TARGET_NAME)";
				SKIP_INSTALL = YES;
				WRAPPER_EXTENSION = octest;
			};
			name = Debug;
		};
		63B573B114F4D38000451E2E /* Release */ = {
			isa = XCBuildConfiguration;
			baseConfigurationReference = 63F339B41506665700BF36A9 /* Pods-test.xcconfig */;
			buildSettings = {
				DSTROOT = /tmp/xcodeproj.dst;
				FRAMEWORK_SEARCH_PATHS = (
					"$(SDKROOT)/Developer/Library/Frameworks",
					"$(DEVELOPER_LIBRARY_DIR)/Frameworks",
				);
				GCC_PRECOMPILE_PREFIX_HEADER = YES;
				GCC_PREFIX_HEADER = Tests/Support/Prefix.pch;
				GCC_PREPROCESSOR_DEFINITIONS = (
					TEST,
					"$(inherited)",
				);
				GCC_VERSION = com.apple.compilers.llvm.clang.1_0;
				GCC_WARN_UNUSED_VALUE = NO;
				INFOPLIST_FILE = Tests/Info.plist;
				PRODUCT_NAME = "$(TARGET_NAME)";
				SKIP_INSTALL = YES;
				WRAPPER_EXTENSION = octest;
			};
			name = Release;
		};
/* End XCBuildConfiguration section */

/* Begin XCConfigurationList section */
		63B5738214F4D38000451E2E /* Build configuration list for PBXProject "Fuji" */ = {
			isa = XCConfigurationList;
			buildConfigurations = (
				63B573AA14F4D38000451E2E /* Debug */,
				63B573AB14F4D38000451E2E /* Release */,
			);
			defaultConfigurationIsVisible = 0;
			defaultConfigurationName = Release;
		};
		63B573AC14F4D38000451E2E /* Build configuration list for PBXNativeTarget "Fuji" */ = {
			isa = XCConfigurationList;
			buildConfigurations = (
				63B573AD14F4D38000451E2E /* Debug */,
				63B573AE14F4D38000451E2E /* Release */,
			);
			defaultConfigurationIsVisible = 0;
			defaultConfigurationName = Release;
		};
		63B573AF14F4D38000451E2E /* Build configuration list for PBXNativeTarget "FujiTests" */ = {
			isa = XCConfigurationList;
			buildConfigurations = (
				63B573B014F4D38000451E2E /* Debug */,
				63B573B114F4D38000451E2E /* Release */,
			);
			defaultConfigurationIsVisible = 0;
			defaultConfigurationName = Release;
		};
/* End XCConfigurationList section */
	};
	rootObject = 63B5737F14F4D38000451E2E /* Project object */;
}
