// !$*UTF8*$!
{
	archiveVersion = 1;
	classes = {
	};
	objectVersion = 46;
	objects = {

/* Begin PBXBuildFile section */
		6304FEB31520A8CD00BAFFF6 /* FUUpdateable.h in Headers */ = {isa = PBXBuildFile; fileRef = 6304FEB21520A8CD00BAFFF6 /* FUUpdateable.h */; };
		63117F2414FFAD3700A04563 /* FUGameObject.h in Headers */ = {isa = PBXBuildFile; fileRef = 63117F2214FFAD3700A04563 /* FUGameObject.h */; };
		63117F2514FFAD3700A04563 /* FUGameObject.m in Sources */ = {isa = PBXBuildFile; fileRef = 63117F2314FFAD3700A04563 /* FUGameObject.m */; };
		63117F2914FFB87A00A04563 /* FUComponent.h in Headers */ = {isa = PBXBuildFile; fileRef = 63117F2714FFB87A00A04563 /* FUComponent.h */; };
		63117F2A14FFB87A00A04563 /* FUComponent.m in Sources */ = {isa = PBXBuildFile; fileRef = 63117F2814FFB87A00A04563 /* FUComponent.m */; };
		63117F2F14FFBBCB00A04563 /* FUComponent-Internal.h in Headers */ = {isa = PBXBuildFile; fileRef = 63117F2E14FFBBCB00A04563 /* FUComponent-Internal.h */; };
		636A987714F4ED0700FF2D12 /* UIKit.framework in Frameworks */ = {isa = PBXBuildFile; fileRef = 636A987614F4ED0700FF2D12 /* UIKit.framework */; };
		636A987914F4ED0B00FF2D12 /* GLKit.framework in Frameworks */ = {isa = PBXBuildFile; fileRef = 636A987814F4ED0B00FF2D12 /* GLKit.framework */; };
		638227581519E0F40009D036 /* FUBehaviorSpec.m in Sources */ = {isa = PBXBuildFile; fileRef = 638227571519E0F40009D036 /* FUBehaviorSpec.m */; };
		6382275B1519E1380009D036 /* FUBehavior.h in Headers */ = {isa = PBXBuildFile; fileRef = 638227591519E1380009D036 /* FUBehavior.h */; };
		6382275C1519E1380009D036 /* FUBehavior.m in Sources */ = {isa = PBXBuildFile; fileRef = 6382275A1519E1380009D036 /* FUBehavior.m */; };
		63822773151A29960009D036 /* FUColorSpec.m in Sources */ = {isa = PBXBuildFile; fileRef = 638227531519DAE40009D036 /* FUColorSpec.m */; };
		63822774151A29960009D036 /* FUGraphicsEngineSpec.m in Sources */ = {isa = PBXBuildFile; fileRef = 638227551519DFEE0009D036 /* FUGraphicsEngineSpec.m */; };
		63822775151A29960009D036 /* FUTransformSpec.m in Sources */ = {isa = PBXBuildFile; fileRef = 63822765151A1A800009D036 /* FUTransformSpec.m */; };
		6382277C151A2A030009D036 /* FUColor.h in Headers */ = {isa = PBXBuildFile; fileRef = 63822778151A2A030009D036 /* FUColor.h */; };
		6382277D151A2A030009D036 /* FUColor.m in Sources */ = {isa = PBXBuildFile; fileRef = 63822779151A2A030009D036 /* FUColor.m */; };
		6382277E151A2A030009D036 /* FUMath.h in Headers */ = {isa = PBXBuildFile; fileRef = 6382277A151A2A030009D036 /* FUMath.h */; };
		6382277F151A2A030009D036 /* FUMath.m in Sources */ = {isa = PBXBuildFile; fileRef = 6382277B151A2A030009D036 /* FUMath.m */; };
		63822780151A2A520009D036 /* FUGraphicsEngine.m in Sources */ = {isa = PBXBuildFile; fileRef = 6382275F1519E38B0009D036 /* FUGraphicsEngine.m */; };
		63822781151A2A520009D036 /* FUTransform.m in Sources */ = {isa = PBXBuildFile; fileRef = 63822768151A1B300009D036 /* FUTransform.m */; };
		63822787151A2BA40009D036 /* FUMath.m in Sources */ = {isa = PBXBuildFile; fileRef = 6382277B151A2A030009D036 /* FUMath.m */; };
		63822788151A2BA40009D036 /* FUColor.m in Sources */ = {isa = PBXBuildFile; fileRef = 63822779151A2A030009D036 /* FUColor.m */; };
		63822789151A2BA40009D036 /* FUGameObject.m in Sources */ = {isa = PBXBuildFile; fileRef = 63117F2314FFAD3700A04563 /* FUGameObject.m */; };
		6382278A151A2BA40009D036 /* FUComponent.m in Sources */ = {isa = PBXBuildFile; fileRef = 63117F2814FFB87A00A04563 /* FUComponent.m */; };
		6382278B151A2BA40009D036 /* FUBehavior.m in Sources */ = {isa = PBXBuildFile; fileRef = 6382275A1519E1380009D036 /* FUBehavior.m */; };
		6382278C151A2BA40009D036 /* FUScene.m in Sources */ = {isa = PBXBuildFile; fileRef = 63A159A414FD1DB500364D24 /* FUScene.m */; };
		6382278D151A2BA40009D036 /* FUGraphicsEngine.m in Sources */ = {isa = PBXBuildFile; fileRef = 6382275F1519E38B0009D036 /* FUGraphicsEngine.m */; };
		6382278E151A2BA40009D036 /* FUTransform.m in Sources */ = {isa = PBXBuildFile; fileRef = 63822768151A1B300009D036 /* FUTransform.m */; };
		63925259151214EA005B3FEC /* FUComponentSpec.m in Sources */ = {isa = PBXBuildFile; fileRef = 63925256151214EA005B3FEC /* FUComponentSpec.m */; };
		6392525A151214EA005B3FEC /* FUGameObjectSpec.m in Sources */ = {isa = PBXBuildFile; fileRef = 63925257151214EA005B3FEC /* FUGameObjectSpec.m */; };
		6392525B151214EA005B3FEC /* FUSceneSpec.m in Sources */ = {isa = PBXBuildFile; fileRef = 63925258151214EA005B3FEC /* FUSceneSpec.m */; };
		6392525E15123D84005B3FEC /* FUTestComponents.m in Sources */ = {isa = PBXBuildFile; fileRef = 6392525D15123D84005B3FEC /* FUTestComponents.m */; };
		6397C530151A33B500457829 /* FUDirector.h in Headers */ = {isa = PBXBuildFile; fileRef = 6397C52E151A33B500457829 /* FUDirector.h */; };
		6397C531151A33B500457829 /* FUDirector.m in Sources */ = {isa = PBXBuildFile; fileRef = 6397C52F151A33B500457829 /* FUDirector.m */; };
		63A159A514FD1DB500364D24 /* FUScene.h in Headers */ = {isa = PBXBuildFile; fileRef = 63A159A314FD1DB500364D24 /* FUScene.h */; };
		63A159A614FD1DB500364D24 /* FUScene.m in Sources */ = {isa = PBXBuildFile; fileRef = 63A159A414FD1DB500364D24 /* FUScene.m */; };
		63B5738C14F4D38000451E2E /* Foundation.framework in Frameworks */ = {isa = PBXBuildFile; fileRef = 63B5738B14F4D38000451E2E /* Foundation.framework */; };
		63B5739A14F4D38000451E2E /* SenTestingKit.framework in Frameworks */ = {isa = PBXBuildFile; fileRef = 63B5739914F4D38000451E2E /* SenTestingKit.framework */; };
		63B5739D14F4D38000451E2E /* Foundation.framework in Frameworks */ = {isa = PBXBuildFile; fileRef = 63B5738B14F4D38000451E2E /* Foundation.framework */; };
		63E6304714F781EB00923CB9 /* OpenGLES.framework in Frameworks */ = {isa = PBXBuildFile; fileRef = 63E6304614F781EB00923CB9 /* OpenGLES.framework */; };
		63E6305214F78D7800923CB9 /* GLKit.framework in Frameworks */ = {isa = PBXBuildFile; fileRef = 636A987814F4ED0B00FF2D12 /* GLKit.framework */; };
		63E6305314F78D8000923CB9 /* OpenGLES.framework in Frameworks */ = {isa = PBXBuildFile; fileRef = 63E6304614F781EB00923CB9 /* OpenGLES.framework */; };
		63E6305414F78F1B00923CB9 /* UIKit.framework in Frameworks */ = {isa = PBXBuildFile; fileRef = 636A987614F4ED0700FF2D12 /* UIKit.framework */; };
		63F339B21506633200BF36A9 /* libPods-test.a in Frameworks */ = {isa = PBXBuildFile; fileRef = 63F339B11506633200BF36A9 /* libPods-test.a */; };
		63F841CE151B4F9400F27F98 /* FUDirectorSpec.m in Sources */ = {isa = PBXBuildFile; fileRef = 63F841CD151B4F9400F27F98 /* FUDirectorSpec.m */; };
		63F841CF151B504600F27F98 /* FUDirector.m in Sources */ = {isa = PBXBuildFile; fileRef = 6397C52F151A33B500457829 /* FUDirector.m */; };
/* End PBXBuildFile section */

/* Begin PBXFileReference section */
		6304FEB21520A8CD00BAFFF6 /* FUUpdateable.h */ = {isa = PBXFileReference; fileEncoding = 4; lastKnownFileType = sourcecode.c.h; path = FUUpdateable.h; sourceTree = "<group>"; };
		63117F2214FFAD3700A04563 /* FUGameObject.h */ = {isa = PBXFileReference; fileEncoding = 4; lastKnownFileType = sourcecode.c.h; path = FUGameObject.h; sourceTree = "<group>"; };
		63117F2314FFAD3700A04563 /* FUGameObject.m */ = {isa = PBXFileReference; fileEncoding = 4; lastKnownFileType = sourcecode.c.objc; path = FUGameObject.m; sourceTree = "<group>"; };
		63117F2714FFB87A00A04563 /* FUComponent.h */ = {isa = PBXFileReference; fileEncoding = 4; lastKnownFileType = sourcecode.c.h; path = FUComponent.h; sourceTree = "<group>"; };
		63117F2814FFB87A00A04563 /* FUComponent.m */ = {isa = PBXFileReference; fileEncoding = 4; lastKnownFileType = sourcecode.c.objc; path = FUComponent.m; sourceTree = "<group>"; };
		63117F2E14FFBBCB00A04563 /* FUComponent-Internal.h */ = {isa = PBXFileReference; fileEncoding = 4; lastKnownFileType = sourcecode.c.h; path = "FUComponent-Internal.h"; sourceTree = "<group>"; };
		633D3C30150DFF9C0061FB36 /* FUGameObject-Internal.h */ = {isa = PBXFileReference; lastKnownFileType = sourcecode.c.h; path = "FUGameObject-Internal.h"; sourceTree = "<group>"; };
		636A987614F4ED0700FF2D12 /* UIKit.framework */ = {isa = PBXFileReference; lastKnownFileType = wrapper.framework; name = UIKit.framework; path = System/Library/Frameworks/UIKit.framework; sourceTree = SDKROOT; };
		636A987814F4ED0B00FF2D12 /* GLKit.framework */ = {isa = PBXFileReference; lastKnownFileType = wrapper.framework; name = GLKit.framework; path = System/Library/Frameworks/GLKit.framework; sourceTree = SDKROOT; };
		638227531519DAE40009D036 /* FUColorSpec.m */ = {isa = PBXFileReference; fileEncoding = 4; lastKnownFileType = sourcecode.c.objc; path = FUColorSpec.m; sourceTree = "<group>"; };
		638227551519DFEE0009D036 /* FUGraphicsEngineSpec.m */ = {isa = PBXFileReference; fileEncoding = 4; lastKnownFileType = sourcecode.c.objc; path = FUGraphicsEngineSpec.m; sourceTree = "<group>"; };
		638227571519E0F40009D036 /* FUBehaviorSpec.m */ = {isa = PBXFileReference; fileEncoding = 4; lastKnownFileType = sourcecode.c.objc; path = FUBehaviorSpec.m; sourceTree = "<group>"; };
		638227591519E1380009D036 /* FUBehavior.h */ = {isa = PBXFileReference; fileEncoding = 4; lastKnownFileType = sourcecode.c.h; path = FUBehavior.h; sourceTree = "<group>"; };
		6382275A1519E1380009D036 /* FUBehavior.m */ = {isa = PBXFileReference; fileEncoding = 4; lastKnownFileType = sourcecode.c.objc; path = FUBehavior.m; sourceTree = "<group>"; };
		6382275E1519E38B0009D036 /* FUGraphicsEngine.h */ = {isa = PBXFileReference; fileEncoding = 4; lastKnownFileType = sourcecode.c.h; path = FUGraphicsEngine.h; sourceTree = "<group>"; };
		6382275F1519E38B0009D036 /* FUGraphicsEngine.m */ = {isa = PBXFileReference; fileEncoding = 4; lastKnownFileType = sourcecode.c.objc; path = FUGraphicsEngine.m; sourceTree = "<group>"; };
		63822765151A1A800009D036 /* FUTransformSpec.m */ = {isa = PBXFileReference; fileEncoding = 4; lastKnownFileType = sourcecode.c.objc; path = FUTransformSpec.m; sourceTree = "<group>"; };
		63822767151A1B300009D036 /* FUTransform.h */ = {isa = PBXFileReference; fileEncoding = 4; lastKnownFileType = sourcecode.c.h; path = FUTransform.h; sourceTree = "<group>"; };
		63822768151A1B300009D036 /* FUTransform.m */ = {isa = PBXFileReference; fileEncoding = 4; lastKnownFileType = sourcecode.c.objc; path = FUTransform.m; sourceTree = "<group>"; };
		63822771151A1C6B0009D036 /* FUTestFunctions.h */ = {isa = PBXFileReference; fileEncoding = 4; lastKnownFileType = sourcecode.c.h; path = FUTestFunctions.h; sourceTree = "<group>"; };
		63822772151A293E0009D036 /* Fuji.h */ = {isa = PBXFileReference; lastKnownFileType = sourcecode.c.h; path = Fuji.h; sourceTree = "<group>"; };
		63822777151A29BB0009D036 /* Prefix.pch */ = {isa = PBXFileReference; fileEncoding = 4; lastKnownFileType = sourcecode.c.h; path = Prefix.pch; sourceTree = "<group>"; };
		63822778151A2A030009D036 /* FUColor.h */ = {isa = PBXFileReference; fileEncoding = 4; lastKnownFileType = sourcecode.c.h; path = FUColor.h; sourceTree = "<group>"; };
		63822779151A2A030009D036 /* FUColor.m */ = {isa = PBXFileReference; fileEncoding = 4; lastKnownFileType = sourcecode.c.objc; path = FUColor.m; sourceTree = "<group>"; };
		6382277A151A2A030009D036 /* FUMath.h */ = {isa = PBXFileReference; fileEncoding = 4; lastKnownFileType = sourcecode.c.h; path = FUMath.h; sourceTree = "<group>"; };
		6382277B151A2A030009D036 /* FUMath.m */ = {isa = PBXFileReference; fileEncoding = 4; lastKnownFileType = sourcecode.c.objc; path = FUMath.m; sourceTree = "<group>"; };
		639252531512138E005B3FEC /* Prefix.pch */ = {isa = PBXFileReference; lastKnownFileType = sourcecode.c.h; path = Prefix.pch; sourceTree = "<group>"; };
		63925256151214EA005B3FEC /* FUComponentSpec.m */ = {isa = PBXFileReference; fileEncoding = 4; lastKnownFileType = sourcecode.c.objc; path = FUComponentSpec.m; sourceTree = "<group>"; };
		63925257151214EA005B3FEC /* FUGameObjectSpec.m */ = {isa = PBXFileReference; fileEncoding = 4; lastKnownFileType = sourcecode.c.objc; path = FUGameObjectSpec.m; sourceTree = "<group>"; };
		63925258151214EA005B3FEC /* FUSceneSpec.m */ = {isa = PBXFileReference; fileEncoding = 4; lastKnownFileType = sourcecode.c.objc; path = FUSceneSpec.m; sourceTree = "<group>"; };
		6392525C15123D84005B3FEC /* FUTestComponents.h */ = {isa = PBXFileReference; fileEncoding = 4; lastKnownFileType = sourcecode.c.h; path = FUTestComponents.h; sourceTree = "<group>"; };
		6392525D15123D84005B3FEC /* FUTestComponents.m */ = {isa = PBXFileReference; fileEncoding = 4; lastKnownFileType = sourcecode.c.objc; path = FUTestComponents.m; sourceTree = "<group>"; };
		6397C52E151A33B500457829 /* FUDirector.h */ = {isa = PBXFileReference; fileEncoding = 4; lastKnownFileType = sourcecode.c.h; path = FUDirector.h; sourceTree = "<group>"; };
		6397C52F151A33B500457829 /* FUDirector.m */ = {isa = PBXFileReference; fileEncoding = 4; lastKnownFileType = sourcecode.c.objc; path = FUDirector.m; sourceTree = "<group>"; };
		63A159A314FD1DB500364D24 /* FUScene.h */ = {isa = PBXFileReference; fileEncoding = 4; lastKnownFileType = sourcecode.c.h; path = FUScene.h; sourceTree = "<group>"; };
		63A159A414FD1DB500364D24 /* FUScene.m */ = {isa = PBXFileReference; fileEncoding = 4; lastKnownFileType = sourcecode.c.objc; path = FUScene.m; sourceTree = "<group>"; };
		63B5738814F4D38000451E2E /* libFuji.a */ = {isa = PBXFileReference; explicitFileType = archive.ar; includeInIndex = 0; path = libFuji.a; sourceTree = BUILT_PRODUCTS_DIR; };
		63B5738B14F4D38000451E2E /* Foundation.framework */ = {isa = PBXFileReference; lastKnownFileType = wrapper.framework; name = Foundation.framework; path = System/Library/Frameworks/Foundation.framework; sourceTree = SDKROOT; };
		63B5739814F4D38000451E2E /* FujiTests.octest */ = {isa = PBXFileReference; explicitFileType = wrapper.cfbundle; includeInIndex = 0; path = FujiTests.octest; sourceTree = BUILT_PRODUCTS_DIR; };
		63B5739914F4D38000451E2E /* SenTestingKit.framework */ = {isa = PBXFileReference; lastKnownFileType = wrapper.framework; name = SenTestingKit.framework; path = Library/Frameworks/SenTestingKit.framework; sourceTree = DEVELOPER_DIR; };
		63E6303D14F77B5F00923CB9 /* FUMacros.h */ = {isa = PBXFileReference; lastKnownFileType = sourcecode.c.h; path = FUMacros.h; sourceTree = "<group>"; };
		63E6304614F781EB00923CB9 /* OpenGLES.framework */ = {isa = PBXFileReference; lastKnownFileType = wrapper.framework; name = OpenGLES.framework; path = System/Library/Frameworks/OpenGLES.framework; sourceTree = SDKROOT; };
		63F339B11506633200BF36A9 /* libPods-test.a */ = {isa = PBXFileReference; lastKnownFileType = archive.ar; path = "libPods-test.a"; sourceTree = BUILT_PRODUCTS_DIR; };
		63F339B41506665700BF36A9 /* Pods-test.xcconfig */ = {isa = PBXFileReference; lastKnownFileType = text.xcconfig; name = "Pods-test.xcconfig"; path = "Pods/Pods-test.xcconfig"; sourceTree = SOURCE_ROOT; };
		63F841CD151B4F9400F27F98 /* FUDirectorSpec.m */ = {isa = PBXFileReference; fileEncoding = 4; lastKnownFileType = sourcecode.c.objc; path = FUDirectorSpec.m; sourceTree = "<group>"; };
/* End PBXFileReference section */

/* Begin PBXFrameworksBuildPhase section */
		63B5738514F4D38000451E2E /* Frameworks */ = {
			isa = PBXFrameworksBuildPhase;
			buildActionMask = 2147483647;
			files = (
				63E6304714F781EB00923CB9 /* OpenGLES.framework in Frameworks */,
				636A987914F4ED0B00FF2D12 /* GLKit.framework in Frameworks */,
				636A987714F4ED0700FF2D12 /* UIKit.framework in Frameworks */,
				63B5738C14F4D38000451E2E /* Foundation.framework in Frameworks */,
			);
			runOnlyForDeploymentPostprocessing = 0;
		};
		63B5739414F4D38000451E2E /* Frameworks */ = {
			isa = PBXFrameworksBuildPhase;
			buildActionMask = 2147483647;
			files = (
				63F339B21506633200BF36A9 /* libPods-test.a in Frameworks */,
				63E6305414F78F1B00923CB9 /* UIKit.framework in Frameworks */,
				63E6305214F78D7800923CB9 /* GLKit.framework in Frameworks */,
				63E6305314F78D8000923CB9 /* OpenGLES.framework in Frameworks */,
				63B5739A14F4D38000451E2E /* SenTestingKit.framework in Frameworks */,
				63B5739D14F4D38000451E2E /* Foundation.framework in Frameworks */,
			);
			runOnlyForDeploymentPostprocessing = 0;
		};
/* End PBXFrameworksBuildPhase section */

/* Begin PBXGroup section */
		633EE87414FED8C400281AC1 /* Internal */ = {
			isa = PBXGroup;
			children = (
				633D3C30150DFF9C0061FB36 /* FUGameObject-Internal.h */,
				63117F2E14FFBBCB00A04563 /* FUComponent-Internal.h */,
			);
			name = Internal;
			sourceTree = "<group>";
		};
		6382271E1519D8470009D036 /* Graphics */ = {
			isa = PBXGroup;
			children = (
				6382275E1519E38B0009D036 /* FUGraphicsEngine.h */,
				6382275F1519E38B0009D036 /* FUGraphicsEngine.m */,
				63822767151A1B300009D036 /* FUTransform.h */,
				63822768151A1B300009D036 /* FUTransform.m */,
			);
			path = Graphics;
			sourceTree = "<group>";
		};
		638227331519D8E10009D036 /* Graphics */ = {
			isa = PBXGroup;
			children = (
				638227531519DAE40009D036 /* FUColorSpec.m */,
				638227551519DFEE0009D036 /* FUGraphicsEngineSpec.m */,
				63822765151A1A800009D036 /* FUTransformSpec.m */,
			);
			path = Graphics;
			sourceTree = "<group>";
		};
		63822770151A1C4B0009D036 /* Support */ = {
			isa = PBXGroup;
			children = (
				63822777151A29BB0009D036 /* Prefix.pch */,
				63822771151A1C6B0009D036 /* FUTestFunctions.h */,
			);
			name = Support;
			path = Graphics;
			sourceTree = "<group>";
		};
		6392523C15120C27005B3FEC /* Core */ = {
			isa = PBXGroup;
			children = (
				633EE87414FED8C400281AC1 /* Internal */,
				6304FEB21520A8CD00BAFFF6 /* FUUpdateable.h */,
				63117F2214FFAD3700A04563 /* FUGameObject.h */,
				63117F2314FFAD3700A04563 /* FUGameObject.m */,
				63117F2714FFB87A00A04563 /* FUComponent.h */,
				63117F2814FFB87A00A04563 /* FUComponent.m */,
				638227591519E1380009D036 /* FUBehavior.h */,
				6382275A1519E1380009D036 /* FUBehavior.m */,
				63A159A314FD1DB500364D24 /* FUScene.h */,
				63A159A414FD1DB500364D24 /* FUScene.m */,
			);
			path = Core;
			sourceTree = "<group>";
		};
		6392523D15120CE7005B3FEC /* Support */ = {
			isa = PBXGroup;
			children = (
				639252531512138E005B3FEC /* Prefix.pch */,
				63E6303D14F77B5F00923CB9 /* FUMacros.h */,
				6382277A151A2A030009D036 /* FUMath.h */,
				6382277B151A2A030009D036 /* FUMath.m */,
				63822778151A2A030009D036 /* FUColor.h */,
				63822779151A2A030009D036 /* FUColor.m */,
			);
			path = Support;
			sourceTree = "<group>";
		};
		63925255151214AC005B3FEC /* Core */ = {
			isa = PBXGroup;
			children = (
				63925257151214EA005B3FEC /* FUGameObjectSpec.m */,
				63925256151214EA005B3FEC /* FUComponentSpec.m */,
				638227571519E0F40009D036 /* FUBehaviorSpec.m */,
				63925258151214EA005B3FEC /* FUSceneSpec.m */,
				6392525C15123D84005B3FEC /* FUTestComponents.h */,
				6392525D15123D84005B3FEC /* FUTestComponents.m */,
			);
			path = Core;
			sourceTree = "<group>";
		};
		6397C52B151A338E00457829 /* Platforms */ = {
			isa = PBXGroup;
			children = (
				6397C52D151A339D00457829 /* iOS */,
			);
			path = Platforms;
			sourceTree = "<group>";
		};
		6397C52D151A339D00457829 /* iOS */ = {
			isa = PBXGroup;
			children = (
				6397C52E151A33B500457829 /* FUDirector.h */,
				6397C52F151A33B500457829 /* FUDirector.m */,
			);
			path = iOS;
			sourceTree = "<group>";
		};
		63B5737D14F4D38000451E2E = {
			isa = PBXGroup;
			children = (
				63B5738D14F4D38000451E2E /* Sources */,
				63B573A114F4D38000451E2E /* Tests */,
				63B5738A14F4D38000451E2E /* Frameworks */,
				63B5738914F4D38000451E2E /* Products */,
				63F339B41506665700BF36A9 /* Pods-test.xcconfig */,
			);
			sourceTree = "<group>";
		};
		63B5738914F4D38000451E2E /* Products */ = {
			isa = PBXGroup;
			children = (
				63B5738814F4D38000451E2E /* libFuji.a */,
				63B5739814F4D38000451E2E /* FujiTests.octest */,
			);
			name = Products;
			sourceTree = "<group>";
		};
		63B5738A14F4D38000451E2E /* Frameworks */ = {
			isa = PBXGroup;
			children = (
				63E6304614F781EB00923CB9 /* OpenGLES.framework */,
				636A987814F4ED0B00FF2D12 /* GLKit.framework */,
				636A987614F4ED0700FF2D12 /* UIKit.framework */,
				63B5738B14F4D38000451E2E /* Foundation.framework */,
				63B5739914F4D38000451E2E /* SenTestingKit.framework */,
				63F339B11506633200BF36A9 /* libPods-test.a */,
			);
			name = Frameworks;
			sourceTree = "<group>";
		};
		63B5738D14F4D38000451E2E /* Sources */ = {
			isa = PBXGroup;
			children = (
				6392523D15120CE7005B3FEC /* Support */,
				6392523C15120C27005B3FEC /* Core */,
				6382271E1519D8470009D036 /* Graphics */,
				6397C52B151A338E00457829 /* Platforms */,
				63822772151A293E0009D036 /* Fuji.h */,
			);
			path = Sources;
			sourceTree = "<group>";
		};
		63B573A114F4D38000451E2E /* Tests */ = {
			isa = PBXGroup;
			children = (
				63822770151A1C4B0009D036 /* Support */,
				63925255151214AC005B3FEC /* Core */,
				638227331519D8E10009D036 /* Graphics */,
				63F841CA151B4F6500F27F98 /* Platforms */,
			);
			path = Tests;
			sourceTree = "<group>";
		};
		63F841CA151B4F6500F27F98 /* Platforms */ = {
			isa = PBXGroup;
			children = (
				63F841CC151B4F7C00F27F98 /* iOS */,
			);
			path = Platforms;
			sourceTree = "<group>";
		};
		63F841CC151B4F7C00F27F98 /* iOS */ = {
			isa = PBXGroup;
			children = (
				63F841CD151B4F9400F27F98 /* FUDirectorSpec.m */,
			);
			path = iOS;
			sourceTree = "<group>";
		};
/* End PBXGroup section */

/* Begin PBXHeadersBuildPhase section */
		63B5738614F4D38000451E2E /* Headers */ = {
			isa = PBXHeadersBuildPhase;
			buildActionMask = 2147483647;
			files = (
				63A159A514FD1DB500364D24 /* FUScene.h in Headers */,
				63117F2414FFAD3700A04563 /* FUGameObject.h in Headers */,
				63117F2914FFB87A00A04563 /* FUComponent.h in Headers */,
				63117F2F14FFBBCB00A04563 /* FUComponent-Internal.h in Headers */,
				6382275B1519E1380009D036 /* FUBehavior.h in Headers */,
				6382277C151A2A030009D036 /* FUColor.h in Headers */,
				6382277E151A2A030009D036 /* FUMath.h in Headers */,
				6397C530151A33B500457829 /* FUDirector.h in Headers */,
				6304FEB31520A8CD00BAFFF6 /* FUUpdateable.h in Headers */,
			);
			runOnlyForDeploymentPostprocessing = 0;
		};
/* End PBXHeadersBuildPhase section */

/* Begin PBXNativeTarget section */
		63B5738714F4D38000451E2E /* Fuji */ = {
			isa = PBXNativeTarget;
			buildConfigurationList = 63B573AC14F4D38000451E2E /* Build configuration list for PBXNativeTarget "Fuji" */;
			buildPhases = (
				63B5738414F4D38000451E2E /* Sources */,
				63B5738514F4D38000451E2E /* Frameworks */,
				63B5738614F4D38000451E2E /* Headers */,
			);
			buildRules = (
			);
			dependencies = (
			);
			name = Fuji;
			productName = Mocha2D;
			productReference = 63B5738814F4D38000451E2E /* libFuji.a */;
			productType = "com.apple.product-type.library.static";
		};
		63B5739714F4D38000451E2E /* FujiTests */ = {
			isa = PBXNativeTarget;
			buildConfigurationList = 63B573AF14F4D38000451E2E /* Build configuration list for PBXNativeTarget "FujiTests" */;
			buildPhases = (
				63B5739314F4D38000451E2E /* Sources */,
				63B5739414F4D38000451E2E /* Frameworks */,
				63B5739514F4D38000451E2E /* Resources */,
				63B5739614F4D38000451E2E /* Run Script */,
				38D25DC4CBA3464E9888DCCB /* Copy Pods Resources */,
			);
			buildRules = (
			);
			dependencies = (
			);
			name = FujiTests;
			productName = Mocha2DTests;
			productReference = 63B5739814F4D38000451E2E /* FujiTests.octest */;
			productType = "com.apple.product-type.bundle";
		};
/* End PBXNativeTarget section */

/* Begin PBXProject section */
		63B5737F14F4D38000451E2E /* Project object */ = {
			isa = PBXProject;
			attributes = {
				LastUpgradeCheck = 0430;
				ORGANIZATIONNAME = "hart[dev]";
			};
			buildConfigurationList = 63B5738214F4D38000451E2E /* Build configuration list for PBXProject "Fuji" */;
			compatibilityVersion = "Xcode 3.2";
			developmentRegion = English;
			hasScannedForEncodings = 0;
			knownRegions = (
				en,
			);
			mainGroup = 63B5737D14F4D38000451E2E;
			productRefGroup = 63B5738914F4D38000451E2E /* Products */;
			projectDirPath = "";
			projectRoot = "";
			targets = (
				63B5738714F4D38000451E2E /* Fuji */,
				63B5739714F4D38000451E2E /* FujiTests */,
			);
		};
/* End PBXProject section */

/* Begin PBXResourcesBuildPhase section */
		63B5739514F4D38000451E2E /* Resources */ = {
			isa = PBXResourcesBuildPhase;
			buildActionMask = 2147483647;
			files = (
			);
			runOnlyForDeploymentPostprocessing = 0;
		};
/* End PBXResourcesBuildPhase section */

/* Begin PBXShellScriptBuildPhase section */
		38D25DC4CBA3464E9888DCCB /* Copy Pods Resources */ = {
			isa = PBXShellScriptBuildPhase;
			buildActionMask = 2147483647;
			files = (
			);
			inputPaths = (
			);
			name = "Copy Pods Resources";
			outputPaths = (
			);
			runOnlyForDeploymentPostprocessing = 0;
			shellPath = /bin/sh;
			shellScript = "\"${SRCROOT}/Pods/Pods-test-resources.sh\"\n";
		};
		63B5739614F4D38000451E2E /* Run Script */ = {
			isa = PBXShellScriptBuildPhase;
			buildActionMask = 2147483647;
			files = (
			);
			inputPaths = (
			);
			name = "Run Script";
			outputPaths = (
			);
			runOnlyForDeploymentPostprocessing = 0;
			shellPath = /bin/sh;
			shellScript = "# Run the unit tests in this test bundle.\n\"${SYSTEM_DEVELOPER_DIR}/Tools/RunUnitTests\"\n";
		};
/* End PBXShellScriptBuildPhase section */

/* Begin PBXSourcesBuildPhase section */
		63B5738414F4D38000451E2E /* Sources */ = {
			isa = PBXSourcesBuildPhase;
			buildActionMask = 2147483647;
			files = (
				63A159A614FD1DB500364D24 /* FUScene.m in Sources */,
				63117F2514FFAD3700A04563 /* FUGameObject.m in Sources */,
				63117F2A14FFB87A00A04563 /* FUComponent.m in Sources */,
				6382275C1519E1380009D036 /* FUBehavior.m in Sources */,
				6382277D151A2A030009D036 /* FUColor.m in Sources */,
				6382277F151A2A030009D036 /* FUMath.m in Sources */,
				63822780151A2A520009D036 /* FUGraphicsEngine.m in Sources */,
				63822781151A2A520009D036 /* FUTransform.m in Sources */,
				6397C531151A33B500457829 /* FUDirector.m in Sources */,
			);
			runOnlyForDeploymentPostprocessing = 0;
		};
		63B5739314F4D38000451E2E /* Sources */ = {
			isa = PBXSourcesBuildPhase;
			buildActionMask = 2147483647;
			files = (
				63925259151214EA005B3FEC /* FUComponentSpec.m in Sources */,
				6392525A151214EA005B3FEC /* FUGameObjectSpec.m in Sources */,
				6392525B151214EA005B3FEC /* FUSceneSpec.m in Sources */,
				6392525E15123D84005B3FEC /* FUTestComponents.m in Sources */,
				638227581519E0F40009D036 /* FUBehaviorSpec.m in Sources */,
				63822773151A29960009D036 /* FUColorSpec.m in Sources */,
				63822774151A29960009D036 /* FUGraphicsEngineSpec.m in Sources */,
				63822775151A29960009D036 /* FUTransformSpec.m in Sources */,
				63822787151A2BA40009D036 /* FUMath.m in Sources */,
				63822788151A2BA40009D036 /* FUColor.m in Sources */,
				63822789151A2BA40009D036 /* FUGameObject.m in Sources */,
				6382278A151A2BA40009D036 /* FUComponent.m in Sources */,
				6382278B151A2BA40009D036 /* FUBehavior.m in Sources */,
				6382278C151A2BA40009D036 /* FUScene.m in Sources */,
				6382278D151A2BA40009D036 /* FUGraphicsEngine.m in Sources */,
				6382278E151A2BA40009D036 /* FUTransform.m in Sources */,
				63F841CE151B4F9400F27F98 /* FUDirectorSpec.m in Sources */,
				63F841CF151B504600F27F98 /* FUDirector.m in Sources */,
			);
			runOnlyForDeploymentPostprocessing = 0;
		};
/* End PBXSourcesBuildPhase section */

/* Begin XCBuildConfiguration section */
		63B573AA14F4D38000451E2E /* Debug */ = {
			isa = XCBuildConfiguration;
			buildSettings = {
				ARCHS = "$(ARCHS_STANDARD_32_BIT)";
				CLANG_ENABLE_OBJC_ARC = YES;
				COPY_PHASE_STRIP = NO;
				GCC_C_LANGUAGE_STANDARD = gnu99;
				GCC_DYNAMIC_NO_PIC = NO;
				GCC_OPTIMIZATION_LEVEL = 0;
				GCC_PREPROCESSOR_DEFINITIONS = (
					"DEBUG=1",
					"$(inherited)",
				);
				GCC_SYMBOLS_PRIVATE_EXTERN = NO;
				GCC_VERSION = com.apple.compilers.llvm.clang.1_0;
				GCC_WARN_ABOUT_RETURN_TYPE = YES;
				GCC_WARN_UNINITIALIZED_AUTOS = YES;
				GCC_WARN_UNUSED_VARIABLE = YES;
				IPHONEOS_DEPLOYMENT_TARGET = 5.0;
				SDKROOT = iphoneos;
			};
			name = Debug;
		};
		63B573AB14F4D38000451E2E /* Release */ = {
			isa = XCBuildConfiguration;
			buildSettings = {
				ARCHS = "$(ARCHS_STANDARD_32_BIT)";
				CLANG_ENABLE_OBJC_ARC = YES;
				COPY_PHASE_STRIP = YES;
				GCC_C_LANGUAGE_STANDARD = gnu99;
				GCC_VERSION = com.apple.compilers.llvm.clang.1_0;
				GCC_WARN_ABOUT_RETURN_TYPE = YES;
				GCC_WARN_UNINITIALIZED_AUTOS = YES;
				GCC_WARN_UNUSED_VARIABLE = YES;
				IPHONEOS_DEPLOYMENT_TARGET = 5.0;
				SDKROOT = iphoneos;
				VALIDATE_PRODUCT = YES;
			};
			name = Release;
		};
		63B573AD14F4D38000451E2E /* Debug */ = {
			isa = XCBuildConfiguration;
			buildSettings = {
				DSTROOT = /tmp/Fuji.dst;
				GCC_PRECOMPILE_PREFIX_HEADER = YES;
				GCC_PREFIX_HEADER = Sources/Support/Prefix.pch;
				GCC_VERSION = com.apple.compilers.llvm.clang.1_0;
				PRODUCT_NAME = "$(TARGET_NAME)";
				SKIP_INSTALL = YES;
			};
			name = Debug;
		};
		63B573AE14F4D38000451E2E /* Release */ = {
			isa = XCBuildConfiguration;
			buildSettings = {
				DSTROOT = /tmp/Fuji.dst;
				GCC_PRECOMPILE_PREFIX_HEADER = NO;
				GCC_PREFIX_HEADER = Sources/Support/Prefix.pch;
				GCC_VERSION = com.apple.compilers.llvm.clang.1_0;
				PRODUCT_NAME = "$(TARGET_NAME)";
				SKIP_INSTALL = YES;
			};
			name = Release;
		};
		63B573B014F4D38000451E2E /* Debug */ = {
			isa = XCBuildConfiguration;
			baseConfigurationReference = 63F339B41506665700BF36A9 /* Pods-test.xcconfig */;
			buildSettings = {
				DSTROOT = /tmp/xcodeproj.dst;
				FRAMEWORK_SEARCH_PATHS = (
					"$(SDKROOT)/Developer/Library/Frameworks",
					"$(DEVELOPER_LIBRARY_DIR)/Frameworks",
				);
				GCC_PRECOMPILE_PREFIX_HEADER = YES;
				GCC_PREFIX_HEADER = Tests/Support/Prefix.pch;
				GCC_PREPROCESSOR_DEFINITIONS = (
					TEST,
					"$(inherited)",
				);
				GCC_VERSION = com.apple.compilers.llvm.clang.1_0;
				GCC_WARN_UNUSED_VALUE = NO;
				INFOPLIST_FILE = Tests/Info.plist;
				PRODUCT_NAME = "$(TARGET_NAME)";
				SKIP_INSTALL = YES;
				WRAPPER_EXTENSION = octest;
			};
			name = Debug;
		};
		63B573B114F4D38000451E2E /* Release */ = {
			isa = XCBuildConfiguration;
			baseConfigurationReference = 63F339B41506665700BF36A9 /* Pods-test.xcconfig */;
			buildSettings = {
				DSTROOT = /tmp/xcodeproj.dst;
				FRAMEWORK_SEARCH_PATHS = (
					"$(SDKROOT)/Developer/Library/Frameworks",
					"$(DEVELOPER_LIBRARY_DIR)/Frameworks",
				);
				GCC_PRECOMPILE_PREFIX_HEADER = YES;
				GCC_PREFIX_HEADER = Tests/Support/Prefix.pch;
				GCC_PREPROCESSOR_DEFINITIONS = (
					TEST,
					"$(inherited)",
				);
				GCC_VERSION = com.apple.compilers.llvm.clang.1_0;
				GCC_WARN_UNUSED_VALUE = NO;
				INFOPLIST_FILE = Tests/Info.plist;
				PRODUCT_NAME = "$(TARGET_NAME)";
				SKIP_INSTALL = YES;
				WRAPPER_EXTENSION = octest;
			};
			name = Release;
		};
/* End XCBuildConfiguration section */

/* Begin XCConfigurationList section */
		63B5738214F4D38000451E2E /* Build configuration list for PBXProject "Fuji" */ = {
			isa = XCConfigurationList;
			buildConfigurations = (
				63B573AA14F4D38000451E2E /* Debug */,
				63B573AB14F4D38000451E2E /* Release */,
			);
			defaultConfigurationIsVisible = 0;
			defaultConfigurationName = Release;
		};
		63B573AC14F4D38000451E2E /* Build configuration list for PBXNativeTarget "Fuji" */ = {
			isa = XCConfigurationList;
			buildConfigurations = (
				63B573AD14F4D38000451E2E /* Debug */,
				63B573AE14F4D38000451E2E /* Release */,
			);
			defaultConfigurationIsVisible = 0;
			defaultConfigurationName = Release;
		};
		63B573AF14F4D38000451E2E /* Build configuration list for PBXNativeTarget "FujiTests" */ = {
			isa = XCConfigurationList;
			buildConfigurations = (
				63B573B014F4D38000451E2E /* Debug */,
				63B573B114F4D38000451E2E /* Release */,
			);
			defaultConfigurationIsVisible = 0;
			defaultConfigurationName = Release;
		};
/* End XCConfigurationList section */
	};
	rootObject = 63B5737F14F4D38000451E2E /* Project object */;
}
