// !$*UTF8*$!
{
	archiveVersion = 1;
	classes = {
	};
	objectVersion = 46;
	objects = {

/* Begin PBXBuildFile section */
		63117F2414FFAD3700A04563 /* MOGameObject.h in Headers */ = {isa = PBXBuildFile; fileRef = 63117F2214FFAD3700A04563 /* MOGameObject.h */; };
		63117F2514FFAD3700A04563 /* MOGameObject.m in Sources */ = {isa = PBXBuildFile; fileRef = 63117F2314FFAD3700A04563 /* MOGameObject.m */; };
		63117F2914FFB87A00A04563 /* MOComponent.h in Headers */ = {isa = PBXBuildFile; fileRef = 63117F2714FFB87A00A04563 /* MOComponent.h */; };
		63117F2A14FFB87A00A04563 /* MOComponent.m in Sources */ = {isa = PBXBuildFile; fileRef = 63117F2814FFB87A00A04563 /* MOComponent.m */; };
		63117F2D14FFB9E800A04563 /* MOTransform.m in Sources */ = {isa = PBXBuildFile; fileRef = 63117F2C14FFB9AD00A04563 /* MOTransform.m */; };
		63117F2F14FFBBCB00A04563 /* MOComponent-Internal.h in Headers */ = {isa = PBXBuildFile; fileRef = 63117F2E14FFBBCB00A04563 /* MOComponent-Internal.h */; };
		633459F11508FABC00E9F794 /* MOSceneSpec.m in Sources */ = {isa = PBXBuildFile; fileRef = 633459EF1508F5DA00E9F794 /* MOSceneSpec.m */; };
		633459F41508FC8800E9F794 /* MOMathSpec.m in Sources */ = {isa = PBXBuildFile; fileRef = 633459F21508FC8200E9F794 /* MOMathSpec.m */; };
		633EE87C14FEE4E900281AC1 /* MOMath.h in Headers */ = {isa = PBXBuildFile; fileRef = 633EE87A14FEE4E900281AC1 /* MOMath.h */; };
		633EE87D14FEE4E900281AC1 /* MOMath.m in Sources */ = {isa = PBXBuildFile; fileRef = 633EE87B14FEE4E900281AC1 /* MOMath.m */; };
		63413D78150908B600AF04B2 /* MOColor.m in Sources */ = {isa = PBXBuildFile; fileRef = 63413D77150908B600AF04B2 /* MOColor.m */; };
		634263351507904F003BFF83 /* MOComponentSpec.m in Sources */ = {isa = PBXBuildFile; fileRef = 63117F3114FFBF1300A04563 /* MOComponentSpec.m */; };
		634263361507913C003BFF83 /* MOTransformSpec.m in Sources */ = {isa = PBXBuildFile; fileRef = 63117F3414FFC07500A04563 /* MOTransformSpec.m */; };
		6349CEEA14F4DFDD00DEF564 /* MOViewController.h in Headers */ = {isa = PBXBuildFile; fileRef = 6349CEE814F4DFDD00DEF564 /* MOViewController.h */; };
		6349CEEB14F4DFDD00DEF564 /* MOViewController.m in Sources */ = {isa = PBXBuildFile; fileRef = 6349CEE914F4DFDD00DEF564 /* MOViewController.m */; };
		636A987714F4ED0700FF2D12 /* UIKit.framework in Frameworks */ = {isa = PBXBuildFile; fileRef = 636A987614F4ED0700FF2D12 /* UIKit.framework */; };
		636A987914F4ED0B00FF2D12 /* GLKit.framework in Frameworks */ = {isa = PBXBuildFile; fileRef = 636A987814F4ED0B00FF2D12 /* GLKit.framework */; };
		6384F30215051E3F0041D04A /* MOGameObjectSpec.m in Sources */ = {isa = PBXBuildFile; fileRef = 63F588711505008800AAD0FF /* MOGameObjectSpec.m */; };
		63A159A514FD1DB500364D24 /* MOScene.h in Headers */ = {isa = PBXBuildFile; fileRef = 63A159A314FD1DB500364D24 /* MOScene.h */; };
		63A159A614FD1DB500364D24 /* MOScene.m in Sources */ = {isa = PBXBuildFile; fileRef = 63A159A414FD1DB500364D24 /* MOScene.m */; };
		63B5738C14F4D38000451E2E /* Foundation.framework in Frameworks */ = {isa = PBXBuildFile; fileRef = 63B5738B14F4D38000451E2E /* Foundation.framework */; };
		63B5739A14F4D38000451E2E /* SenTestingKit.framework in Frameworks */ = {isa = PBXBuildFile; fileRef = 63B5739914F4D38000451E2E /* SenTestingKit.framework */; };
		63B5739D14F4D38000451E2E /* Foundation.framework in Frameworks */ = {isa = PBXBuildFile; fileRef = 63B5738B14F4D38000451E2E /* Foundation.framework */; };
		63CF544C150DF96500071A45 /* MOColor.m in Sources */ = {isa = PBXBuildFile; fileRef = 63413D77150908B600AF04B2 /* MOColor.m */; };
		63CF5450150DFA7400071A45 /* MOColorSpec.m in Sources */ = {isa = PBXBuildFile; fileRef = 63CF544E150DF98900071A45 /* MOColorSpec.m */; };
		63E6303A14F7791700923CB9 /* MOResourceManager.h in Headers */ = {isa = PBXBuildFile; fileRef = 63E6303814F7791700923CB9 /* MOResourceManager.h */; };
		63E6303B14F7791700923CB9 /* MOResourceManager.m in Sources */ = {isa = PBXBuildFile; fileRef = 63E6303914F7791700923CB9 /* MOResourceManager.m */; };
		63E6304014F77CEE00923CB9 /* MOTexture.h in Headers */ = {isa = PBXBuildFile; fileRef = 63E6303E14F77CEE00923CB9 /* MOTexture.h */; };
		63E6304114F77CEE00923CB9 /* MOTexture.m in Sources */ = {isa = PBXBuildFile; fileRef = 63E6303F14F77CEE00923CB9 /* MOTexture.m */; };
		63E6304714F781EB00923CB9 /* OpenGLES.framework in Frameworks */ = {isa = PBXBuildFile; fileRef = 63E6304614F781EB00923CB9 /* OpenGLES.framework */; };
		63E6305214F78D7800923CB9 /* GLKit.framework in Frameworks */ = {isa = PBXBuildFile; fileRef = 636A987814F4ED0B00FF2D12 /* GLKit.framework */; };
		63E6305314F78D8000923CB9 /* OpenGLES.framework in Frameworks */ = {isa = PBXBuildFile; fileRef = 63E6304614F781EB00923CB9 /* OpenGLES.framework */; };
		63E6305414F78F1B00923CB9 /* UIKit.framework in Frameworks */ = {isa = PBXBuildFile; fileRef = 636A987614F4ED0700FF2D12 /* UIKit.framework */; };
		63E6305614F7932A00923CB9 /* Invalid.txt in Resources */ = {isa = PBXBuildFile; fileRef = 63E6305514F7932A00923CB9 /* Invalid.txt */; };
		63E6305814F793E200923CB9 /* Valid.png in Resources */ = {isa = PBXBuildFile; fileRef = 63E6305714F793E200923CB9 /* Valid.png */; };
		63F339B21506633200BF36A9 /* libPods-test.a in Frameworks */ = {isa = PBXBuildFile; fileRef = 63F339B11506633200BF36A9 /* libPods-test.a */; };
		63F339C415066B7100BF36A9 /* MOGameObject.m in Sources */ = {isa = PBXBuildFile; fileRef = 63117F2314FFAD3700A04563 /* MOGameObject.m */; };
		63F339C515066B7500BF36A9 /* MOScene.m in Sources */ = {isa = PBXBuildFile; fileRef = 63A159A414FD1DB500364D24 /* MOScene.m */; };
		63F339C615066B7500BF36A9 /* MOComponent.m in Sources */ = {isa = PBXBuildFile; fileRef = 63117F2814FFB87A00A04563 /* MOComponent.m */; };
		63F339C715066B7500BF36A9 /* MOTransform.m in Sources */ = {isa = PBXBuildFile; fileRef = 63117F2C14FFB9AD00A04563 /* MOTransform.m */; };
		63F339C815066B7A00BF36A9 /* MOResourceManager.m in Sources */ = {isa = PBXBuildFile; fileRef = 63E6303914F7791700923CB9 /* MOResourceManager.m */; };
		63F339C915066B7A00BF36A9 /* MOTexture.m in Sources */ = {isa = PBXBuildFile; fileRef = 63E6303F14F77CEE00923CB9 /* MOTexture.m */; };
		63F339CA15066B7F00BF36A9 /* MOViewController.m in Sources */ = {isa = PBXBuildFile; fileRef = 6349CEE914F4DFDD00DEF564 /* MOViewController.m */; };
		63F339CB15066BF300BF36A9 /* MOMath.m in Sources */ = {isa = PBXBuildFile; fileRef = 633EE87B14FEE4E900281AC1 /* MOMath.m */; };
		63F339CC15066BF300BF36A9 /* NSBundle+MOAdditions.m in Sources */ = {isa = PBXBuildFile; fileRef = 63E6305A14F7A75500923CB9 /* NSBundle+MOAdditions.m */; };
		63F339CD15066BF300BF36A9 /* UIDevice+MOAdditions.m in Sources */ = {isa = PBXBuildFile; fileRef = 63FD0DFC14FAD857001E3164 /* UIDevice+MOAdditions.m */; };
		63F339CE15066BF300BF36A9 /* UIScreen+MOAdditions.m in Sources */ = {isa = PBXBuildFile; fileRef = 63FD0E0014FADA31001E3164 /* UIScreen+MOAdditions.m */; };
		63F5885A1504E1EC00AAD0FF /* MOResourceManagerSpec.m in Sources */ = {isa = PBXBuildFile; fileRef = 63F588591504E1EC00AAD0FF /* MOResourceManagerSpec.m */; };
		63F588721505008800AAD0FF /* MOGameObjectSpec.m in Resources */ = {isa = PBXBuildFile; fileRef = 63F588711505008800AAD0FF /* MOGameObjectSpec.m */; };
		63FD0DFD14FAD857001E3164 /* UIDevice+MOAdditions.h in Headers */ = {isa = PBXBuildFile; fileRef = 63FD0DFB14FAD857001E3164 /* UIDevice+MOAdditions.h */; };
		63FD0DFE14FAD857001E3164 /* UIDevice+MOAdditions.m in Sources */ = {isa = PBXBuildFile; fileRef = 63FD0DFC14FAD857001E3164 /* UIDevice+MOAdditions.m */; };
		63FD0E0114FADA31001E3164 /* UIScreen+MOAdditions.h in Headers */ = {isa = PBXBuildFile; fileRef = 63FD0DFF14FADA31001E3164 /* UIScreen+MOAdditions.h */; };
		63FD0E0214FADA31001E3164 /* UIScreen+MOAdditions.m in Sources */ = {isa = PBXBuildFile; fileRef = 63FD0E0014FADA31001E3164 /* UIScreen+MOAdditions.m */; };
		63FD0E0314FADD4A001E3164 /* NSBundle+MOAdditions.m in Sources */ = {isa = PBXBuildFile; fileRef = 63E6305A14F7A75500923CB9 /* NSBundle+MOAdditions.m */; };
		AC27C6AEAE7E4FF7AEEDA7BA /* libPods.a in Frameworks */ = {isa = PBXBuildFile; fileRef = 4C58DA6BA0EC42DA91C25F25 /* libPods.a */; };
/* End PBXBuildFile section */

/* Begin PBXFileReference section */
		4C58DA6BA0EC42DA91C25F25 /* libPods.a */ = {isa = PBXFileReference; explicitFileType = archive.ar; includeInIndex = 0; path = libPods.a; sourceTree = BUILT_PRODUCTS_DIR; };
		63117F2214FFAD3700A04563 /* MOGameObject.h */ = {isa = PBXFileReference; fileEncoding = 4; lastKnownFileType = sourcecode.c.h; path = MOGameObject.h; sourceTree = "<group>"; };
		63117F2314FFAD3700A04563 /* MOGameObject.m */ = {isa = PBXFileReference; fileEncoding = 4; lastKnownFileType = sourcecode.c.objc; path = MOGameObject.m; sourceTree = "<group>"; };
		63117F2614FFAD9500A04563 /* Prefix.pch */ = {isa = PBXFileReference; fileEncoding = 4; lastKnownFileType = sourcecode.c.h; path = Prefix.pch; sourceTree = "<group>"; };
		63117F2714FFB87A00A04563 /* MOComponent.h */ = {isa = PBXFileReference; fileEncoding = 4; lastKnownFileType = sourcecode.c.h; path = MOComponent.h; sourceTree = "<group>"; };
		63117F2814FFB87A00A04563 /* MOComponent.m */ = {isa = PBXFileReference; fileEncoding = 4; lastKnownFileType = sourcecode.c.objc; path = MOComponent.m; sourceTree = "<group>"; };
		63117F2B14FFB9AD00A04563 /* MOTransform.h */ = {isa = PBXFileReference; lastKnownFileType = sourcecode.c.h; path = MOTransform.h; sourceTree = "<group>"; };
		63117F2C14FFB9AD00A04563 /* MOTransform.m */ = {isa = PBXFileReference; lastKnownFileType = sourcecode.c.objc; path = MOTransform.m; sourceTree = "<group>"; };
		63117F2E14FFBBCB00A04563 /* MOComponent-Internal.h */ = {isa = PBXFileReference; fileEncoding = 4; lastKnownFileType = sourcecode.c.h; path = "MOComponent-Internal.h"; sourceTree = "<group>"; };
		63117F3114FFBF1300A04563 /* MOComponentSpec.m */ = {isa = PBXFileReference; fileEncoding = 4; lastKnownFileType = sourcecode.c.objc; path = MOComponentSpec.m; sourceTree = "<group>"; };
		63117F3414FFC07500A04563 /* MOTransformSpec.m */ = {isa = PBXFileReference; fileEncoding = 4; lastKnownFileType = sourcecode.c.objc; path = MOTransformSpec.m; sourceTree = "<group>"; };
		633459EF1508F5DA00E9F794 /* MOSceneSpec.m */ = {isa = PBXFileReference; fileEncoding = 4; lastKnownFileType = sourcecode.c.objc; path = MOSceneSpec.m; sourceTree = "<group>"; };
		633459F21508FC8200E9F794 /* MOMathSpec.m */ = {isa = PBXFileReference; fileEncoding = 4; lastKnownFileType = sourcecode.c.objc; path = MOMathSpec.m; sourceTree = "<group>"; };
		633D3C30150DFF9C0061FB36 /* MOGameObject-Internal.h */ = {isa = PBXFileReference; lastKnownFileType = sourcecode.c.h; path = "MOGameObject-Internal.h"; sourceTree = "<group>"; };
		633EE87A14FEE4E900281AC1 /* MOMath.h */ = {isa = PBXFileReference; fileEncoding = 4; lastKnownFileType = sourcecode.c.h; path = MOMath.h; sourceTree = "<group>"; };
		633EE87B14FEE4E900281AC1 /* MOMath.m */ = {isa = PBXFileReference; fileEncoding = 4; lastKnownFileType = sourcecode.c.objc; path = MOMath.m; sourceTree = "<group>"; };
		63413D751509009700AF04B2 /* MOColor.h */ = {isa = PBXFileReference; lastKnownFileType = sourcecode.c.h; path = MOColor.h; sourceTree = "<group>"; };
		63413D77150908B600AF04B2 /* MOColor.m */ = {isa = PBXFileReference; fileEncoding = 4; lastKnownFileType = sourcecode.c.objc; path = MOColor.m; sourceTree = "<group>"; };
		6349CEE814F4DFDD00DEF564 /* MOViewController.h */ = {isa = PBXFileReference; fileEncoding = 4; lastKnownFileType = sourcecode.c.h; path = MOViewController.h; sourceTree = "<group>"; };
		6349CEE914F4DFDD00DEF564 /* MOViewController.m */ = {isa = PBXFileReference; fileEncoding = 4; lastKnownFileType = sourcecode.c.objc; path = MOViewController.m; sourceTree = "<group>"; };
		636A987614F4ED0700FF2D12 /* UIKit.framework */ = {isa = PBXFileReference; lastKnownFileType = wrapper.framework; name = UIKit.framework; path = System/Library/Frameworks/UIKit.framework; sourceTree = SDKROOT; };
		636A987814F4ED0B00FF2D12 /* GLKit.framework */ = {isa = PBXFileReference; lastKnownFileType = wrapper.framework; name = GLKit.framework; path = System/Library/Frameworks/GLKit.framework; sourceTree = SDKROOT; };
		63A159A314FD1DB500364D24 /* MOScene.h */ = {isa = PBXFileReference; fileEncoding = 4; lastKnownFileType = sourcecode.c.h; path = MOScene.h; sourceTree = "<group>"; };
		63A159A414FD1DB500364D24 /* MOScene.m */ = {isa = PBXFileReference; fileEncoding = 4; lastKnownFileType = sourcecode.c.objc; path = MOScene.m; sourceTree = "<group>"; };
		63B5738814F4D38000451E2E /* libMocha2D.a */ = {isa = PBXFileReference; explicitFileType = archive.ar; includeInIndex = 0; path = libMocha2D.a; sourceTree = BUILT_PRODUCTS_DIR; };
		63B5738B14F4D38000451E2E /* Foundation.framework */ = {isa = PBXFileReference; lastKnownFileType = wrapper.framework; name = Foundation.framework; path = System/Library/Frameworks/Foundation.framework; sourceTree = SDKROOT; };
		63B5739014F4D38000451E2E /* Mocha2D.h */ = {isa = PBXFileReference; lastKnownFileType = sourcecode.c.h; path = Mocha2D.h; sourceTree = "<group>"; };
		63B5739814F4D38000451E2E /* Mocha2DTests.octest */ = {isa = PBXFileReference; explicitFileType = wrapper.cfbundle; includeInIndex = 0; path = Mocha2DTests.octest; sourceTree = BUILT_PRODUCTS_DIR; };
		63B5739914F4D38000451E2E /* SenTestingKit.framework */ = {isa = PBXFileReference; lastKnownFileType = wrapper.framework; name = SenTestingKit.framework; path = Library/Frameworks/SenTestingKit.framework; sourceTree = DEVELOPER_DIR; };
		63CF544E150DF98900071A45 /* MOColorSpec.m */ = {isa = PBXFileReference; fileEncoding = 4; lastKnownFileType = sourcecode.c.objc; path = MOColorSpec.m; sourceTree = "<group>"; };
		63E6303814F7791700923CB9 /* MOResourceManager.h */ = {isa = PBXFileReference; fileEncoding = 4; lastKnownFileType = sourcecode.c.h; path = MOResourceManager.h; sourceTree = "<group>"; };
		63E6303914F7791700923CB9 /* MOResourceManager.m */ = {isa = PBXFileReference; fileEncoding = 4; lastKnownFileType = sourcecode.c.objc; path = MOResourceManager.m; sourceTree = "<group>"; };
		63E6303D14F77B5F00923CB9 /* MOMacros.h */ = {isa = PBXFileReference; lastKnownFileType = sourcecode.c.h; path = MOMacros.h; sourceTree = "<group>"; };
		63E6303E14F77CEE00923CB9 /* MOTexture.h */ = {isa = PBXFileReference; fileEncoding = 4; lastKnownFileType = sourcecode.c.h; path = MOTexture.h; sourceTree = "<group>"; };
		63E6303F14F77CEE00923CB9 /* MOTexture.m */ = {isa = PBXFileReference; fileEncoding = 4; lastKnownFileType = sourcecode.c.objc; path = MOTexture.m; sourceTree = "<group>"; };
		63E6304614F781EB00923CB9 /* OpenGLES.framework */ = {isa = PBXFileReference; lastKnownFileType = wrapper.framework; name = OpenGLES.framework; path = System/Library/Frameworks/OpenGLES.framework; sourceTree = SDKROOT; };
		63E6305514F7932A00923CB9 /* Invalid.txt */ = {isa = PBXFileReference; fileEncoding = 4; lastKnownFileType = text; path = Invalid.txt; sourceTree = "<group>"; };
		63E6305714F793E200923CB9 /* Valid.png */ = {isa = PBXFileReference; lastKnownFileType = image.png; path = Valid.png; sourceTree = "<group>"; };
		63E6305914F7A6F300923CB9 /* NSBundle+MOAdditions.h */ = {isa = PBXFileReference; lastKnownFileType = sourcecode.c.h; path = "NSBundle+MOAdditions.h"; sourceTree = "<group>"; };
		63E6305A14F7A75500923CB9 /* NSBundle+MOAdditions.m */ = {isa = PBXFileReference; fileEncoding = 4; lastKnownFileType = sourcecode.c.objc; path = "NSBundle+MOAdditions.m"; sourceTree = "<group>"; };
		63F339B11506633200BF36A9 /* libPods-test.a */ = {isa = PBXFileReference; lastKnownFileType = archive.ar; path = "libPods-test.a"; sourceTree = BUILT_PRODUCTS_DIR; };
		63F339B41506665700BF36A9 /* Pods-test.xcconfig */ = {isa = PBXFileReference; lastKnownFileType = text.xcconfig; name = "Pods-test.xcconfig"; path = "Pods/Pods-test.xcconfig"; sourceTree = SOURCE_ROOT; };
		63F339BB150667FD00BF36A9 /* Pods.xcconfig */ = {isa = PBXFileReference; fileEncoding = 4; lastKnownFileType = text.xcconfig; name = Pods.xcconfig; path = Pods/Pods.xcconfig; sourceTree = SOURCE_ROOT; };
		63F588591504E1EC00AAD0FF /* MOResourceManagerSpec.m */ = {isa = PBXFileReference; fileEncoding = 4; lastKnownFileType = sourcecode.c.objc; path = MOResourceManagerSpec.m; sourceTree = "<group>"; };
		63F588711505008800AAD0FF /* MOGameObjectSpec.m */ = {isa = PBXFileReference; fileEncoding = 4; lastKnownFileType = sourcecode.c.objc; path = MOGameObjectSpec.m; sourceTree = "<group>"; };
		63F6F347150A45EE009E1BC3 /* MOTestFunctions.h */ = {isa = PBXFileReference; lastKnownFileType = sourcecode.c.h; path = MOTestFunctions.h; sourceTree = "<group>"; };
		63FD0D7E14FABC0E001E3164 /* MOTexture-Internal.h */ = {isa = PBXFileReference; lastKnownFileType = sourcecode.c.h; path = "MOTexture-Internal.h"; sourceTree = "<group>"; };
		63FD0DFB14FAD857001E3164 /* UIDevice+MOAdditions.h */ = {isa = PBXFileReference; fileEncoding = 4; lastKnownFileType = sourcecode.c.h; path = "UIDevice+MOAdditions.h"; sourceTree = "<group>"; };
		63FD0DFC14FAD857001E3164 /* UIDevice+MOAdditions.m */ = {isa = PBXFileReference; fileEncoding = 4; lastKnownFileType = sourcecode.c.objc; path = "UIDevice+MOAdditions.m"; sourceTree = "<group>"; };
		63FD0DFF14FADA31001E3164 /* UIScreen+MOAdditions.h */ = {isa = PBXFileReference; fileEncoding = 4; lastKnownFileType = sourcecode.c.h; path = "UIScreen+MOAdditions.h"; sourceTree = "<group>"; };
		63FD0E0014FADA31001E3164 /* UIScreen+MOAdditions.m */ = {isa = PBXFileReference; fileEncoding = 4; lastKnownFileType = sourcecode.c.objc; path = "UIScreen+MOAdditions.m"; sourceTree = "<group>"; };
/* End PBXFileReference section */

/* Begin PBXFrameworksBuildPhase section */
		63B5738514F4D38000451E2E /* Frameworks */ = {
			isa = PBXFrameworksBuildPhase;
			buildActionMask = 2147483647;
			files = (
				63E6304714F781EB00923CB9 /* OpenGLES.framework in Frameworks */,
				636A987914F4ED0B00FF2D12 /* GLKit.framework in Frameworks */,
				636A987714F4ED0700FF2D12 /* UIKit.framework in Frameworks */,
				63B5738C14F4D38000451E2E /* Foundation.framework in Frameworks */,
				AC27C6AEAE7E4FF7AEEDA7BA /* libPods.a in Frameworks */,
			);
			runOnlyForDeploymentPostprocessing = 0;
		};
		63B5739414F4D38000451E2E /* Frameworks */ = {
			isa = PBXFrameworksBuildPhase;
			buildActionMask = 2147483647;
			files = (
				63F339B21506633200BF36A9 /* libPods-test.a in Frameworks */,
				63E6305414F78F1B00923CB9 /* UIKit.framework in Frameworks */,
				63E6305214F78D7800923CB9 /* GLKit.framework in Frameworks */,
				63E6305314F78D8000923CB9 /* OpenGLES.framework in Frameworks */,
				63B5739A14F4D38000451E2E /* SenTestingKit.framework in Frameworks */,
				63B5739D14F4D38000451E2E /* Foundation.framework in Frameworks */,
			);
			runOnlyForDeploymentPostprocessing = 0;
		};
/* End PBXFrameworksBuildPhase section */

/* Begin PBXGroup section */
		63117F1E14FFAAFE00A04563 /* Scene */ = {
			isa = PBXGroup;
			children = (
				633459EF1508F5DA00E9F794 /* MOSceneSpec.m */,
				63F588711505008800AAD0FF /* MOGameObjectSpec.m */,
				63117F3114FFBF1300A04563 /* MOComponentSpec.m */,
				63117F3414FFC07500A04563 /* MOTransformSpec.m */,
			);
			name = Scene;
			sourceTree = "<group>";
		};
		633EE84D14FE78B200281AC1 /* Scene */ = {
			isa = PBXGroup;
			children = (
				633EE87414FED8C400281AC1 /* Internal */,
				63A159A314FD1DB500364D24 /* MOScene.h */,
				63A159A414FD1DB500364D24 /* MOScene.m */,
				63117F2214FFAD3700A04563 /* MOGameObject.h */,
				63117F2314FFAD3700A04563 /* MOGameObject.m */,
				63117F2714FFB87A00A04563 /* MOComponent.h */,
				63117F2814FFB87A00A04563 /* MOComponent.m */,
				63117F2B14FFB9AD00A04563 /* MOTransform.h */,
				63117F2C14FFB9AD00A04563 /* MOTransform.m */,
			);
			name = Scene;
			sourceTree = "<group>";
		};
		633EE87414FED8C400281AC1 /* Internal */ = {
			isa = PBXGroup;
			children = (
				633D3C30150DFF9C0061FB36 /* MOGameObject-Internal.h */,
				63117F2E14FFBBCB00A04563 /* MOComponent-Internal.h */,
			);
			name = Internal;
			sourceTree = "<group>";
		};
		6349CED514F4D4C200DEF564 /* Rendering */ = {
			isa = PBXGroup;
			children = (
				6349CEE814F4DFDD00DEF564 /* MOViewController.h */,
				6349CEE914F4DFDD00DEF564 /* MOViewController.m */,
			);
			name = Rendering;
			sourceTree = "<group>";
		};
		6349CED614F4D50300DEF564 /* Rendering */ = {
			isa = PBXGroup;
			children = (
			);
			name = Rendering;
			sourceTree = "<group>";
		};
		63B5737D14F4D38000451E2E = {
			isa = PBXGroup;
			children = (
				63B5738D14F4D38000451E2E /* Sources */,
				63B573A114F4D38000451E2E /* Tests */,
				63B5738A14F4D38000451E2E /* Frameworks */,
				63B5738914F4D38000451E2E /* Products */,
				63F339BB150667FD00BF36A9 /* Pods.xcconfig */,
				63F339B41506665700BF36A9 /* Pods-test.xcconfig */,
			);
			sourceTree = "<group>";
		};
		63B5738914F4D38000451E2E /* Products */ = {
			isa = PBXGroup;
			children = (
				63B5738814F4D38000451E2E /* libMocha2D.a */,
				63B5739814F4D38000451E2E /* Mocha2DTests.octest */,
			);
			name = Products;
			sourceTree = "<group>";
		};
		63B5738A14F4D38000451E2E /* Frameworks */ = {
			isa = PBXGroup;
			children = (
				63E6304614F781EB00923CB9 /* OpenGLES.framework */,
				636A987814F4ED0B00FF2D12 /* GLKit.framework */,
				636A987614F4ED0700FF2D12 /* UIKit.framework */,
				63B5738B14F4D38000451E2E /* Foundation.framework */,
				63B5739914F4D38000451E2E /* SenTestingKit.framework */,
				4C58DA6BA0EC42DA91C25F25 /* libPods.a */,
				63F339B11506633200BF36A9 /* libPods-test.a */,
			);
			name = Frameworks;
			sourceTree = "<group>";
		};
		63B5738D14F4D38000451E2E /* Sources */ = {
			isa = PBXGroup;
			children = (
				63E6303614F778F100923CB9 /* Resources */,
				633EE84D14FE78B200281AC1 /* Scene */,
				6349CED514F4D4C200DEF564 /* Rendering */,
				63E6303C14F77B4B00923CB9 /* Support */,
				63B5739014F4D38000451E2E /* Mocha2D.h */,
			);
			path = Sources;
			sourceTree = "<group>";
		};
		63B573A114F4D38000451E2E /* Tests */ = {
			isa = PBXGroup;
			children = (
				63E6304814F78C6A00923CB9 /* Resources */,
				63117F1E14FFAAFE00A04563 /* Scene */,
				6349CED614F4D50300DEF564 /* Rendering */,
				63FD0E3614FAEECA001E3164 /* Support */,
			);
			path = Tests;
			sourceTree = "<group>";
		};
		63E6303614F778F100923CB9 /* Resources */ = {
			isa = PBXGroup;
			children = (
				63E630BF14F7EFDD00923CB9 /* Internal */,
				63E6303814F7791700923CB9 /* MOResourceManager.h */,
				63E6303914F7791700923CB9 /* MOResourceManager.m */,
				63E6303E14F77CEE00923CB9 /* MOTexture.h */,
				63E6303F14F77CEE00923CB9 /* MOTexture.m */,
			);
			name = Resources;
			sourceTree = "<group>";
		};
		63E6303C14F77B4B00923CB9 /* Support */ = {
			isa = PBXGroup;
			children = (
				63E6303D14F77B5F00923CB9 /* MOMacros.h */,
				63413D751509009700AF04B2 /* MOColor.h */,
				63413D77150908B600AF04B2 /* MOColor.m */,
				633EE87A14FEE4E900281AC1 /* MOMath.h */,
				633EE87B14FEE4E900281AC1 /* MOMath.m */,
				63E6305914F7A6F300923CB9 /* NSBundle+MOAdditions.h */,
				63E6305A14F7A75500923CB9 /* NSBundle+MOAdditions.m */,
				63FD0DFB14FAD857001E3164 /* UIDevice+MOAdditions.h */,
				63FD0DFC14FAD857001E3164 /* UIDevice+MOAdditions.m */,
				63FD0DFF14FADA31001E3164 /* UIScreen+MOAdditions.h */,
				63FD0E0014FADA31001E3164 /* UIScreen+MOAdditions.m */,
			);
			name = Support;
			sourceTree = "<group>";
		};
		63E6304814F78C6A00923CB9 /* Resources */ = {
			isa = PBXGroup;
			children = (
				63F588591504E1EC00AAD0FF /* MOResourceManagerSpec.m */,
				63E6305514F7932A00923CB9 /* Invalid.txt */,
				63E6305714F793E200923CB9 /* Valid.png */,
			);
			name = Resources;
			sourceTree = "<group>";
		};
		63E630BF14F7EFDD00923CB9 /* Internal */ = {
			isa = PBXGroup;
			children = (
				63FD0D7E14FABC0E001E3164 /* MOTexture-Internal.h */,
			);
			name = Internal;
			sourceTree = "<group>";
		};
		63FD0E3614FAEECA001E3164 /* Support */ = {
			isa = PBXGroup;
			children = (
				633459F21508FC8200E9F794 /* MOMathSpec.m */,
				63CF544E150DF98900071A45 /* MOColorSpec.m */,
				63F6F347150A45EE009E1BC3 /* MOTestFunctions.h */,
				63117F2614FFAD9500A04563 /* Prefix.pch */,
			);
			name = Support;
			sourceTree = "<group>";
		};
/* End PBXGroup section */

/* Begin PBXHeadersBuildPhase section */
		63B5738614F4D38000451E2E /* Headers */ = {
			isa = PBXHeadersBuildPhase;
			buildActionMask = 2147483647;
			files = (
				6349CEEA14F4DFDD00DEF564 /* MOViewController.h in Headers */,
				63E6303A14F7791700923CB9 /* MOResourceManager.h in Headers */,
				63E6304014F77CEE00923CB9 /* MOTexture.h in Headers */,
				63FD0DFD14FAD857001E3164 /* UIDevice+MOAdditions.h in Headers */,
				63FD0E0114FADA31001E3164 /* UIScreen+MOAdditions.h in Headers */,
				63A159A514FD1DB500364D24 /* MOScene.h in Headers */,
				633EE87C14FEE4E900281AC1 /* MOMath.h in Headers */,
				63117F2414FFAD3700A04563 /* MOGameObject.h in Headers */,
				63117F2914FFB87A00A04563 /* MOComponent.h in Headers */,
				63117F2F14FFBBCB00A04563 /* MOComponent-Internal.h in Headers */,
			);
			runOnlyForDeploymentPostprocessing = 0;
		};
/* End PBXHeadersBuildPhase section */

/* Begin PBXNativeTarget section */
		63B5738714F4D38000451E2E /* Mocha2D */ = {
			isa = PBXNativeTarget;
			buildConfigurationList = 63B573AC14F4D38000451E2E /* Build configuration list for PBXNativeTarget "Mocha2D" */;
			buildPhases = (
				63B5738414F4D38000451E2E /* Sources */,
				63B5738514F4D38000451E2E /* Frameworks */,
				63B5738614F4D38000451E2E /* Headers */,
				02587F2CC40C4CE399F0508F /* Copy Pods Resources */,
			);
			buildRules = (
			);
			dependencies = (
			);
			name = Mocha2D;
			productName = Mocha2D;
			productReference = 63B5738814F4D38000451E2E /* libMocha2D.a */;
			productType = "com.apple.product-type.library.static";
		};
		63B5739714F4D38000451E2E /* Mocha2DTests */ = {
			isa = PBXNativeTarget;
			buildConfigurationList = 63B573AF14F4D38000451E2E /* Build configuration list for PBXNativeTarget "Mocha2DTests" */;
			buildPhases = (
				63B5739314F4D38000451E2E /* Sources */,
				63B5739414F4D38000451E2E /* Frameworks */,
				63B5739514F4D38000451E2E /* Resources */,
				63B5739614F4D38000451E2E /* Run Script */,
				02587F2CC40C4CE399F0508F /* Copy Pods Resources */,
			);
			buildRules = (
			);
			dependencies = (
			);
			name = Mocha2DTests;
			productName = Mocha2DTests;
			productReference = 63B5739814F4D38000451E2E /* Mocha2DTests.octest */;
			productType = "com.apple.product-type.bundle";
		};
/* End PBXNativeTarget section */

/* Begin PBXProject section */
		63B5737F14F4D38000451E2E /* Project object */ = {
			isa = PBXProject;
			attributes = {
				LastUpgradeCheck = 0430;
				ORGANIZATIONNAME = "hart[dev]";
			};
			buildConfigurationList = 63B5738214F4D38000451E2E /* Build configuration list for PBXProject "Mocha2D" */;
			compatibilityVersion = "Xcode 3.2";
			developmentRegion = English;
			hasScannedForEncodings = 0;
			knownRegions = (
				en,
			);
			mainGroup = 63B5737D14F4D38000451E2E;
			productRefGroup = 63B5738914F4D38000451E2E /* Products */;
			projectDirPath = "";
			projectRoot = "";
			targets = (
				63B5738714F4D38000451E2E /* Mocha2D */,
				63B5739714F4D38000451E2E /* Mocha2DTests */,
			);
		};
/* End PBXProject section */

/* Begin PBXResourcesBuildPhase section */
		63B5739514F4D38000451E2E /* Resources */ = {
			isa = PBXResourcesBuildPhase;
			buildActionMask = 2147483647;
			files = (
				63E6305614F7932A00923CB9 /* Invalid.txt in Resources */,
				63E6305814F793E200923CB9 /* Valid.png in Resources */,
				63F588721505008800AAD0FF /* MOGameObjectSpec.m in Resources */,
			);
			runOnlyForDeploymentPostprocessing = 0;
		};
/* End PBXResourcesBuildPhase section */

/* Begin PBXShellScriptBuildPhase section */
		02587F2CC40C4CE399F0508F /* Copy Pods Resources */ = {
			isa = PBXShellScriptBuildPhase;
			buildActionMask = 2147483647;
			files = (
			);
			inputPaths = (
			);
			name = "Copy Pods Resources";
			outputPaths = (
			);
			runOnlyForDeploymentPostprocessing = 0;
			shellPath = /bin/sh;
			shellScript = "\"${SRCROOT}/Pods/Pods-resources.sh\"\n";
		};
		63B5739614F4D38000451E2E /* Run Script */ = {
			isa = PBXShellScriptBuildPhase;
			buildActionMask = 2147483647;
			files = (
			);
			inputPaths = (
			);
			name = "Run Script";
			outputPaths = (
			);
			runOnlyForDeploymentPostprocessing = 0;
			shellPath = /bin/sh;
			shellScript = "# Run the unit tests in this test bundle.\n\"${SYSTEM_DEVELOPER_DIR}/Tools/RunUnitTests\"\n";
		};
/* End PBXShellScriptBuildPhase section */

/* Begin PBXSourcesBuildPhase section */
		63B5738414F4D38000451E2E /* Sources */ = {
			isa = PBXSourcesBuildPhase;
			buildActionMask = 2147483647;
			files = (
				6349CEEB14F4DFDD00DEF564 /* MOViewController.m in Sources */,
				63E6303B14F7791700923CB9 /* MOResourceManager.m in Sources */,
				63E6304114F77CEE00923CB9 /* MOTexture.m in Sources */,
				63FD0DFE14FAD857001E3164 /* UIDevice+MOAdditions.m in Sources */,
				63FD0E0214FADA31001E3164 /* UIScreen+MOAdditions.m in Sources */,
				63FD0E0314FADD4A001E3164 /* NSBundle+MOAdditions.m in Sources */,
				63A159A614FD1DB500364D24 /* MOScene.m in Sources */,
				633EE87D14FEE4E900281AC1 /* MOMath.m in Sources */,
				63117F2514FFAD3700A04563 /* MOGameObject.m in Sources */,
				63117F2A14FFB87A00A04563 /* MOComponent.m in Sources */,
				63117F2D14FFB9E800A04563 /* MOTransform.m in Sources */,
				63413D78150908B600AF04B2 /* MOColor.m in Sources */,
			);
			runOnlyForDeploymentPostprocessing = 0;
		};
		63B5739314F4D38000451E2E /* Sources */ = {
			isa = PBXSourcesBuildPhase;
			buildActionMask = 2147483647;
			files = (
				63F339C415066B7100BF36A9 /* MOGameObject.m in Sources */,
				63F339C515066B7500BF36A9 /* MOScene.m in Sources */,
				63F339C615066B7500BF36A9 /* MOComponent.m in Sources */,
				63F339C715066B7500BF36A9 /* MOTransform.m in Sources */,
				63F339C815066B7A00BF36A9 /* MOResourceManager.m in Sources */,
				63F339C915066B7A00BF36A9 /* MOTexture.m in Sources */,
				63F339CA15066B7F00BF36A9 /* MOViewController.m in Sources */,
				63F5885A1504E1EC00AAD0FF /* MOResourceManagerSpec.m in Sources */,
				6384F30215051E3F0041D04A /* MOGameObjectSpec.m in Sources */,
				63F339CB15066BF300BF36A9 /* MOMath.m in Sources */,
				63F339CC15066BF300BF36A9 /* NSBundle+MOAdditions.m in Sources */,
				63F339CD15066BF300BF36A9 /* UIDevice+MOAdditions.m in Sources */,
				63F339CE15066BF300BF36A9 /* UIScreen+MOAdditions.m in Sources */,
				634263351507904F003BFF83 /* MOComponentSpec.m in Sources */,
				634263361507913C003BFF83 /* MOTransformSpec.m in Sources */,
				633459F11508FABC00E9F794 /* MOSceneSpec.m in Sources */,
				633459F41508FC8800E9F794 /* MOMathSpec.m in Sources */,
				63CF544C150DF96500071A45 /* MOColor.m in Sources */,
				63CF5450150DFA7400071A45 /* MOColorSpec.m in Sources */,
			);
			runOnlyForDeploymentPostprocessing = 0;
		};
/* End PBXSourcesBuildPhase section */

/* Begin XCBuildConfiguration section */
		63B573AA14F4D38000451E2E /* Debug */ = {
			isa = XCBuildConfiguration;
			buildSettings = {
				ARCHS = "$(ARCHS_STANDARD_32_BIT)";
				CLANG_ENABLE_OBJC_ARC = YES;
				COPY_PHASE_STRIP = NO;
				GCC_C_LANGUAGE_STANDARD = gnu99;
				GCC_DYNAMIC_NO_PIC = NO;
				GCC_OPTIMIZATION_LEVEL = 0;
				GCC_PREPROCESSOR_DEFINITIONS = (
					"DEBUG=1",
					"$(inherited)",
				);
				GCC_SYMBOLS_PRIVATE_EXTERN = NO;
				GCC_VERSION = com.apple.compilers.llvm.clang.1_0;
				GCC_WARN_ABOUT_RETURN_TYPE = YES;
				GCC_WARN_UNINITIALIZED_AUTOS = YES;
				GCC_WARN_UNUSED_VARIABLE = YES;
				IPHONEOS_DEPLOYMENT_TARGET = 5.0;
				SDKROOT = iphoneos;
			};
			name = Debug;
		};
		63B573AB14F4D38000451E2E /* Release */ = {
			isa = XCBuildConfiguration;
			buildSettings = {
				ARCHS = "$(ARCHS_STANDARD_32_BIT)";
				CLANG_ENABLE_OBJC_ARC = YES;
				COPY_PHASE_STRIP = YES;
				GCC_C_LANGUAGE_STANDARD = gnu99;
				GCC_PREPROCESSOR_DEFINITIONS = NS_BLOCK_ASSERTIONS;
				GCC_VERSION = com.apple.compilers.llvm.clang.1_0;
				GCC_WARN_ABOUT_RETURN_TYPE = YES;
				GCC_WARN_UNINITIALIZED_AUTOS = YES;
				GCC_WARN_UNUSED_VARIABLE = YES;
				IPHONEOS_DEPLOYMENT_TARGET = 5.0;
				SDKROOT = iphoneos;
				VALIDATE_PRODUCT = YES;
			};
			name = Release;
		};
		63B573AD14F4D38000451E2E /* Debug */ = {
			isa = XCBuildConfiguration;
			baseConfigurationReference = 63F339BB150667FD00BF36A9 /* Pods.xcconfig */;
			buildSettings = {
				DSTROOT = /tmp/Mocha2D.dst;
				GCC_PRECOMPILE_PREFIX_HEADER = YES;
				GCC_VERSION = com.apple.compilers.llvm.clang.1_0;
				OTHER_LDFLAGS = "-ObjC";
				PRODUCT_NAME = "$(TARGET_NAME)";
				SKIP_INSTALL = YES;
			};
			name = Debug;
		};
		63B573AE14F4D38000451E2E /* Release */ = {
			isa = XCBuildConfiguration;
			baseConfigurationReference = 63F339BB150667FD00BF36A9 /* Pods.xcconfig */;
			buildSettings = {
				DSTROOT = /tmp/Mocha2D.dst;
				GCC_PRECOMPILE_PREFIX_HEADER = YES;
				GCC_VERSION = com.apple.compilers.llvm.clang.1_0;
				OTHER_LDFLAGS = "-ObjC";
				PRODUCT_NAME = "$(TARGET_NAME)";
				SKIP_INSTALL = YES;
			};
			name = Release;
		};
		63B573B014F4D38000451E2E /* Debug */ = {
			isa = XCBuildConfiguration;
			baseConfigurationReference = 63F339B41506665700BF36A9 /* Pods-test.xcconfig */;
			buildSettings = {
				DSTROOT = /tmp/xcodeproj.dst;
				FRAMEWORK_SEARCH_PATHS = (
					"$(SDKROOT)/Developer/Library/Frameworks",
					"$(DEVELOPER_LIBRARY_DIR)/Frameworks",
				);
				GCC_PRECOMPILE_PREFIX_HEADER = YES;
				GCC_PREFIX_HEADER = Tests/Prefix.pch;
				GCC_VERSION = com.apple.compilers.llvm.clang.1_0;
				INFOPLIST_FILE = Tests/Info.plist;
				OTHER_LDFLAGS = (
					"-ObjC",
					"-all_load",
					"-lstdc++",
				);
				PRODUCT_NAME = "$(TARGET_NAME)";
				SKIP_INSTALL = YES;
				WRAPPER_EXTENSION = octest;
			};
			name = Debug;
		};
		63B573B114F4D38000451E2E /* Release */ = {
			isa = XCBuildConfiguration;
			baseConfigurationReference = 63F339B41506665700BF36A9 /* Pods-test.xcconfig */;
			buildSettings = {
				DSTROOT = /tmp/xcodeproj.dst;
				FRAMEWORK_SEARCH_PATHS = (
					"$(SDKROOT)/Developer/Library/Frameworks",
					"$(DEVELOPER_LIBRARY_DIR)/Frameworks",
				);
				GCC_PRECOMPILE_PREFIX_HEADER = YES;
				GCC_PREFIX_HEADER = Tests/Prefix.pch;
				GCC_VERSION = com.apple.compilers.llvm.clang.1_0;
				INFOPLIST_FILE = Tests/Info.plist;
				OTHER_LDFLAGS = (
					"-ObjC",
					"-all_load",
					"-lstdc++",
				);
				PRODUCT_NAME = "$(TARGET_NAME)";
				SKIP_INSTALL = YES;
				WRAPPER_EXTENSION = octest;
			};
			name = Release;
		};
/* End XCBuildConfiguration section */

/* Begin XCConfigurationList section */
		63B5738214F4D38000451E2E /* Build configuration list for PBXProject "Mocha2D" */ = {
			isa = XCConfigurationList;
			buildConfigurations = (
				63B573AA14F4D38000451E2E /* Debug */,
				63B573AB14F4D38000451E2E /* Release */,
			);
			defaultConfigurationIsVisible = 0;
			defaultConfigurationName = Release;
		};
		63B573AC14F4D38000451E2E /* Build configuration list for PBXNativeTarget "Mocha2D" */ = {
			isa = XCConfigurationList;
			buildConfigurations = (
				63B573AD14F4D38000451E2E /* Debug */,
				63B573AE14F4D38000451E2E /* Release */,
			);
			defaultConfigurationIsVisible = 0;
			defaultConfigurationName = Release;
		};
		63B573AF14F4D38000451E2E /* Build configuration list for PBXNativeTarget "Mocha2DTests" */ = {
			isa = XCConfigurationList;
			buildConfigurations = (
				63B573B014F4D38000451E2E /* Debug */,
				63B573B114F4D38000451E2E /* Release */,
			);
			defaultConfigurationIsVisible = 0;
			defaultConfigurationName = Release;
		};
/* End XCConfigurationList section */
	};
	rootObject = 63B5737F14F4D38000451E2E /* Project object */;
}
